
Microsoft Visual Studio Solution File, Format Version 11.00
# Visual Studio 2010
Project("{FAE04EC0-301F-11D3-BF4B-00C04F79EFBC}") = "CodeHub", "CodeHub\CodeHub.csproj", "{A5033D97-EDDE-45FA-BBA6-527959DF3044}"
EndProject
Project("{2150E333-8FDC-42A3-9474-1A3956D46DE8}") = "Utilities", "Utilities", "{154CB1F3-824B-45D4-BDC8-A8BD9252163B}"
EndProject
Project("{FAE04EC0-301F-11D3-BF4B-00C04F79EFBC}") = "RestSharp.MonoTouch", "GitHubSharp\RestSharp\RestSharp.MonoTouch\RestSharp.MonoTouch.csproj", "{E9A9D1C5-4E06-4D31-9809-A97188C70B2C}"
EndProject
Project("{FAE04EC0-301F-11D3-BF4B-00C04F79EFBC}") = "OHAttributedLabel", "CodeFramework\OHAttributedLabel\OHAttributedLabel.csproj", "{1FD1BA85-25F8-460D-B588-0E753CFF578D}"
EndProject
Project("{FAE04EC0-301F-11D3-BF4B-00C04F79EFBC}") = "MonoTouch.SlideoutNavigation", "CodeFramework\MonoTouch.SlideoutNavigation\MonoTouch.SlideoutNavigation\MonoTouch.SlideoutNavigation.csproj", "{6D7B9B53-CFEF-46BE-A608-14A4A1381CF6}"
EndProject
Project("{FAE04EC0-301F-11D3-BF4B-00C04F79EFBC}") = "UserVoice", "CodeFramework\monotouch-uservoice\UserVoice\UserVoice\UserVoice.csproj", "{3A0C5D98-D568-43C1-A877-B1BA00BA4A87}"
EndProject
Project("{FAE04EC0-301F-11D3-BF4B-00C04F79EFBC}") = "MonoTouch.Dialog", "CodeFramework\MonoTouch.Dialog\MonoTouch.Dialog\MonoTouch.Dialog.csproj", "{3FFBFFF8-5560-4EDE-82E5-3FFDFBBA8A50}"
EndProject
Project("{FAE04EC0-301F-11D3-BF4B-00C04F79EFBC}") = "CodeFramework", "CodeFramework\CodeFramework\CodeFramework.csproj", "{FECA9DCA-3B0B-4C0E-B7B4-E826C1BFDDB2}"
EndProject
Project("{2150E333-8FDC-42A3-9474-1A3956D46DE8}") = "API", "API", "{11035A12-5489-415F-8903-0835767E031D}"
EndProject
Project("{FAE04EC0-301F-11D3-BF4B-00C04F79EFBC}") = "GitHubSharp.MonoTouch", "GitHubSharp\GitHubSharp\GitHubSharp.MonoTouch.csproj", "{89E14828-85BB-4790-9B4E-E44DD4CE000E}"
EndProject
Global
	GlobalSection(SolutionConfigurationPlatforms) = preSolution
		Debug|iPhoneSimulator = Debug|iPhoneSimulator
		Release|iPhoneSimulator = Release|iPhoneSimulator
		Debug|iPhone = Debug|iPhone
		Release|iPhone = Release|iPhone
		Ad-Hoc|iPhone = Ad-Hoc|iPhone
		AppStore|iPhone = AppStore|iPhone
		AdHoc|iPhone = AdHoc|iPhone
		AdHoc|iPhoneSimulator = AdHoc|iPhoneSimulator
		AppStore|iPhoneSimulator = AppStore|iPhoneSimulator
	EndGlobalSection
	GlobalSection(ProjectConfigurationPlatforms) = postSolution
		{1FD1BA85-25F8-460D-B588-0E753CFF578D}.AdHoc|iPhone.ActiveCfg = Debug|Any CPU
		{1FD1BA85-25F8-460D-B588-0E753CFF578D}.Ad-Hoc|iPhone.ActiveCfg = Release|Any CPU
		{1FD1BA85-25F8-460D-B588-0E753CFF578D}.AdHoc|iPhone.Build.0 = Debug|Any CPU
		{1FD1BA85-25F8-460D-B588-0E753CFF578D}.Ad-Hoc|iPhone.Build.0 = Release|Any CPU
		{1FD1BA85-25F8-460D-B588-0E753CFF578D}.AdHoc|iPhoneSimulator.ActiveCfg = Debug|Any CPU
		{1FD1BA85-25F8-460D-B588-0E753CFF578D}.AdHoc|iPhoneSimulator.Build.0 = Debug|Any CPU
		{1FD1BA85-25F8-460D-B588-0E753CFF578D}.AppStore|iPhone.ActiveCfg = Release|Any CPU
		{1FD1BA85-25F8-460D-B588-0E753CFF578D}.AppStore|iPhone.Build.0 = Release|Any CPU
		{1FD1BA85-25F8-460D-B588-0E753CFF578D}.AppStore|iPhoneSimulator.ActiveCfg = Debug|Any CPU
		{1FD1BA85-25F8-460D-B588-0E753CFF578D}.AppStore|iPhoneSimulator.Build.0 = Debug|Any CPU
		{1FD1BA85-25F8-460D-B588-0E753CFF578D}.Debug|iPhone.ActiveCfg = Debug|Any CPU
		{1FD1BA85-25F8-460D-B588-0E753CFF578D}.Debug|iPhone.Build.0 = Debug|Any CPU
		{1FD1BA85-25F8-460D-B588-0E753CFF578D}.Debug|iPhoneSimulator.ActiveCfg = Debug|Any CPU
		{1FD1BA85-25F8-460D-B588-0E753CFF578D}.Debug|iPhoneSimulator.Build.0 = Debug|Any CPU
		{1FD1BA85-25F8-460D-B588-0E753CFF578D}.Release|iPhone.ActiveCfg = Release|Any CPU
		{1FD1BA85-25F8-460D-B588-0E753CFF578D}.Release|iPhone.Build.0 = Release|Any CPU
		{1FD1BA85-25F8-460D-B588-0E753CFF578D}.Release|iPhoneSimulator.ActiveCfg = Release|Any CPU
		{1FD1BA85-25F8-460D-B588-0E753CFF578D}.Release|iPhoneSimulator.Build.0 = Release|Any CPU
		{3A0C5D98-D568-43C1-A877-B1BA00BA4A87}.AdHoc|iPhone.ActiveCfg = Debug|Any CPU
		{3A0C5D98-D568-43C1-A877-B1BA00BA4A87}.Ad-Hoc|iPhone.ActiveCfg = Release|Any CPU
		{3A0C5D98-D568-43C1-A877-B1BA00BA4A87}.AdHoc|iPhone.Build.0 = Debug|Any CPU
		{3A0C5D98-D568-43C1-A877-B1BA00BA4A87}.Ad-Hoc|iPhone.Build.0 = Release|Any CPU
		{3A0C5D98-D568-43C1-A877-B1BA00BA4A87}.AdHoc|iPhoneSimulator.ActiveCfg = Debug|Any CPU
		{3A0C5D98-D568-43C1-A877-B1BA00BA4A87}.AdHoc|iPhoneSimulator.Build.0 = Debug|Any CPU
		{3A0C5D98-D568-43C1-A877-B1BA00BA4A87}.AppStore|iPhone.ActiveCfg = Release|Any CPU
		{3A0C5D98-D568-43C1-A877-B1BA00BA4A87}.AppStore|iPhone.Build.0 = Release|Any CPU
		{3A0C5D98-D568-43C1-A877-B1BA00BA4A87}.AppStore|iPhoneSimulator.ActiveCfg = Debug|Any CPU
		{3A0C5D98-D568-43C1-A877-B1BA00BA4A87}.AppStore|iPhoneSimulator.Build.0 = Debug|Any CPU
		{3A0C5D98-D568-43C1-A877-B1BA00BA4A87}.Debug|iPhone.ActiveCfg = Debug|Any CPU
		{3A0C5D98-D568-43C1-A877-B1BA00BA4A87}.Debug|iPhone.Build.0 = Debug|Any CPU
		{3A0C5D98-D568-43C1-A877-B1BA00BA4A87}.Debug|iPhoneSimulator.ActiveCfg = Debug|Any CPU
		{3A0C5D98-D568-43C1-A877-B1BA00BA4A87}.Debug|iPhoneSimulator.Build.0 = Debug|Any CPU
		{3A0C5D98-D568-43C1-A877-B1BA00BA4A87}.Release|iPhone.ActiveCfg = Release|Any CPU
		{3A0C5D98-D568-43C1-A877-B1BA00BA4A87}.Release|iPhone.Build.0 = Release|Any CPU
		{3A0C5D98-D568-43C1-A877-B1BA00BA4A87}.Release|iPhoneSimulator.ActiveCfg = Release|Any CPU
		{3A0C5D98-D568-43C1-A877-B1BA00BA4A87}.Release|iPhoneSimulator.Build.0 = Release|Any CPU
		{3FFBFFF8-5560-4EDE-82E5-3FFDFBBA8A50}.AdHoc|iPhone.ActiveCfg = AdHoc|iPhone
		{3FFBFFF8-5560-4EDE-82E5-3FFDFBBA8A50}.Ad-Hoc|iPhone.ActiveCfg = Release|iPhone
		{3FFBFFF8-5560-4EDE-82E5-3FFDFBBA8A50}.AdHoc|iPhone.Build.0 = AdHoc|iPhone
		{3FFBFFF8-5560-4EDE-82E5-3FFDFBBA8A50}.Ad-Hoc|iPhone.Build.0 = Release|iPhone
		{3FFBFFF8-5560-4EDE-82E5-3FFDFBBA8A50}.AdHoc|iPhoneSimulator.ActiveCfg = AdHoc|iPhoneSimulator
		{3FFBFFF8-5560-4EDE-82E5-3FFDFBBA8A50}.AdHoc|iPhoneSimulator.Build.0 = AdHoc|iPhoneSimulator
		{3FFBFFF8-5560-4EDE-82E5-3FFDFBBA8A50}.AppStore|iPhone.ActiveCfg = AppStore|iPhone
		{3FFBFFF8-5560-4EDE-82E5-3FFDFBBA8A50}.AppStore|iPhone.Build.0 = AppStore|iPhone
		{3FFBFFF8-5560-4EDE-82E5-3FFDFBBA8A50}.AppStore|iPhoneSimulator.ActiveCfg = AppStore|iPhoneSimulator
		{3FFBFFF8-5560-4EDE-82E5-3FFDFBBA8A50}.AppStore|iPhoneSimulator.Build.0 = AppStore|iPhoneSimulator
		{3FFBFFF8-5560-4EDE-82E5-3FFDFBBA8A50}.Debug|iPhone.ActiveCfg = Debug|iPhone
		{3FFBFFF8-5560-4EDE-82E5-3FFDFBBA8A50}.Debug|iPhone.Build.0 = Debug|iPhone
		{3FFBFFF8-5560-4EDE-82E5-3FFDFBBA8A50}.Debug|iPhoneSimulator.ActiveCfg = Debug|iPhoneSimulator
		{3FFBFFF8-5560-4EDE-82E5-3FFDFBBA8A50}.Debug|iPhoneSimulator.Build.0 = Debug|iPhoneSimulator
		{3FFBFFF8-5560-4EDE-82E5-3FFDFBBA8A50}.Release|iPhone.ActiveCfg = Release|iPhone
		{3FFBFFF8-5560-4EDE-82E5-3FFDFBBA8A50}.Release|iPhone.Build.0 = Release|iPhone
		{3FFBFFF8-5560-4EDE-82E5-3FFDFBBA8A50}.Release|iPhoneSimulator.ActiveCfg = Release|iPhoneSimulator
		{3FFBFFF8-5560-4EDE-82E5-3FFDFBBA8A50}.Release|iPhoneSimulator.Build.0 = Release|iPhoneSimulator
		{6D7B9B53-CFEF-46BE-A608-14A4A1381CF6}.AdHoc|iPhone.ActiveCfg = Debug|Any CPU
		{6D7B9B53-CFEF-46BE-A608-14A4A1381CF6}.Ad-Hoc|iPhone.ActiveCfg = Release|Any CPU
		{6D7B9B53-CFEF-46BE-A608-14A4A1381CF6}.AdHoc|iPhone.Build.0 = Debug|Any CPU
		{6D7B9B53-CFEF-46BE-A608-14A4A1381CF6}.Ad-Hoc|iPhone.Build.0 = Release|Any CPU
		{6D7B9B53-CFEF-46BE-A608-14A4A1381CF6}.AdHoc|iPhoneSimulator.ActiveCfg = Debug|Any CPU
		{6D7B9B53-CFEF-46BE-A608-14A4A1381CF6}.AdHoc|iPhoneSimulator.Build.0 = Debug|Any CPU
		{6D7B9B53-CFEF-46BE-A608-14A4A1381CF6}.AppStore|iPhone.ActiveCfg = Release|Any CPU
		{6D7B9B53-CFEF-46BE-A608-14A4A1381CF6}.AppStore|iPhone.Build.0 = Release|Any CPU
		{6D7B9B53-CFEF-46BE-A608-14A4A1381CF6}.AppStore|iPhoneSimulator.ActiveCfg = Debug|Any CPU
		{6D7B9B53-CFEF-46BE-A608-14A4A1381CF6}.AppStore|iPhoneSimulator.Build.0 = Debug|Any CPU
		{6D7B9B53-CFEF-46BE-A608-14A4A1381CF6}.Debug|iPhone.ActiveCfg = Debug|Any CPU
		{6D7B9B53-CFEF-46BE-A608-14A4A1381CF6}.Debug|iPhone.Build.0 = Debug|Any CPU
		{6D7B9B53-CFEF-46BE-A608-14A4A1381CF6}.Debug|iPhoneSimulator.ActiveCfg = Debug|Any CPU
		{6D7B9B53-CFEF-46BE-A608-14A4A1381CF6}.Debug|iPhoneSimulator.Build.0 = Debug|Any CPU
		{6D7B9B53-CFEF-46BE-A608-14A4A1381CF6}.Release|iPhone.ActiveCfg = Release|Any CPU
		{6D7B9B53-CFEF-46BE-A608-14A4A1381CF6}.Release|iPhone.Build.0 = Release|Any CPU
		{6D7B9B53-CFEF-46BE-A608-14A4A1381CF6}.Release|iPhoneSimulator.ActiveCfg = Release|Any CPU
		{6D7B9B53-CFEF-46BE-A608-14A4A1381CF6}.Release|iPhoneSimulator.Build.0 = Release|Any CPU
		{89E14828-85BB-4790-9B4E-E44DD4CE000E}.AdHoc|iPhone.ActiveCfg = Debug|Any CPU
		{89E14828-85BB-4790-9B4E-E44DD4CE000E}.Ad-Hoc|iPhone.ActiveCfg = Release|Any CPU
		{89E14828-85BB-4790-9B4E-E44DD4CE000E}.AdHoc|iPhone.Build.0 = Debug|Any CPU
		{89E14828-85BB-4790-9B4E-E44DD4CE000E}.Ad-Hoc|iPhone.Build.0 = Release|Any CPU
		{89E14828-85BB-4790-9B4E-E44DD4CE000E}.AdHoc|iPhoneSimulator.ActiveCfg = Debug|Any CPU
		{89E14828-85BB-4790-9B4E-E44DD4CE000E}.AdHoc|iPhoneSimulator.Build.0 = Debug|Any CPU
		{89E14828-85BB-4790-9B4E-E44DD4CE000E}.AppStore|iPhone.ActiveCfg = Release|Any CPU
		{89E14828-85BB-4790-9B4E-E44DD4CE000E}.AppStore|iPhone.Build.0 = Release|Any CPU
		{89E14828-85BB-4790-9B4E-E44DD4CE000E}.AppStore|iPhoneSimulator.ActiveCfg = Debug|Any CPU
		{89E14828-85BB-4790-9B4E-E44DD4CE000E}.AppStore|iPhoneSimulator.Build.0 = Debug|Any CPU
		{89E14828-85BB-4790-9B4E-E44DD4CE000E}.Debug|iPhone.ActiveCfg = Debug|Any CPU
		{89E14828-85BB-4790-9B4E-E44DD4CE000E}.Debug|iPhone.Build.0 = Debug|Any CPU
		{89E14828-85BB-4790-9B4E-E44DD4CE000E}.Debug|iPhoneSimulator.ActiveCfg = Debug|Any CPU
		{89E14828-85BB-4790-9B4E-E44DD4CE000E}.Debug|iPhoneSimulator.Build.0 = Debug|Any CPU
		{89E14828-85BB-4790-9B4E-E44DD4CE000E}.Release|iPhone.ActiveCfg = Release|Any CPU
		{89E14828-85BB-4790-9B4E-E44DD4CE000E}.Release|iPhone.Build.0 = Release|Any CPU
		{89E14828-85BB-4790-9B4E-E44DD4CE000E}.Release|iPhoneSimulator.ActiveCfg = Release|Any CPU
		{89E14828-85BB-4790-9B4E-E44DD4CE000E}.Release|iPhoneSimulator.Build.0 = Release|Any CPU
		{A5033D97-EDDE-45FA-BBA6-527959DF3044}.Ad-Hoc|iPhone.ActiveCfg = Ad-Hoc|iPhone
		{A5033D97-EDDE-45FA-BBA6-527959DF3044}.AdHoc|iPhone.ActiveCfg = Debug|iPhone
		{A5033D97-EDDE-45FA-BBA6-527959DF3044}.Ad-Hoc|iPhone.Build.0 = Ad-Hoc|iPhone
		{A5033D97-EDDE-45FA-BBA6-527959DF3044}.AdHoc|iPhone.Build.0 = Debug|iPhone
		{A5033D97-EDDE-45FA-BBA6-527959DF3044}.AdHoc|iPhoneSimulator.ActiveCfg = Debug|iPhoneSimulator
		{A5033D97-EDDE-45FA-BBA6-527959DF3044}.AdHoc|iPhoneSimulator.Build.0 = Debug|iPhoneSimulator
		{A5033D97-EDDE-45FA-BBA6-527959DF3044}.AppStore|iPhone.ActiveCfg = AppStore|iPhone
		{A5033D97-EDDE-45FA-BBA6-527959DF3044}.AppStore|iPhone.Build.0 = AppStore|iPhone
		{A5033D97-EDDE-45FA-BBA6-527959DF3044}.AppStore|iPhoneSimulator.ActiveCfg = Debug|iPhoneSimulator
		{A5033D97-EDDE-45FA-BBA6-527959DF3044}.AppStore|iPhoneSimulator.Build.0 = Debug|iPhoneSimulator
		{A5033D97-EDDE-45FA-BBA6-527959DF3044}.Debug|iPhone.ActiveCfg = Debug|iPhone
		{A5033D97-EDDE-45FA-BBA6-527959DF3044}.Debug|iPhone.Build.0 = Debug|iPhone
		{A5033D97-EDDE-45FA-BBA6-527959DF3044}.Debug|iPhoneSimulator.ActiveCfg = Debug|iPhoneSimulator
		{A5033D97-EDDE-45FA-BBA6-527959DF3044}.Debug|iPhoneSimulator.Build.0 = Debug|iPhoneSimulator
		{A5033D97-EDDE-45FA-BBA6-527959DF3044}.Release|iPhone.ActiveCfg = Release|iPhone
		{A5033D97-EDDE-45FA-BBA6-527959DF3044}.Release|iPhone.Build.0 = Release|iPhone
		{A5033D97-EDDE-45FA-BBA6-527959DF3044}.Release|iPhoneSimulator.ActiveCfg = Release|iPhoneSimulator
		{A5033D97-EDDE-45FA-BBA6-527959DF3044}.Release|iPhoneSimulator.Build.0 = Release|iPhoneSimulator
		{E9A9D1C5-4E06-4D31-9809-A97188C70B2C}.AdHoc|iPhone.ActiveCfg = Debug|iPhone
		{E9A9D1C5-4E06-4D31-9809-A97188C70B2C}.Ad-Hoc|iPhone.ActiveCfg = Release|iPhone
		{E9A9D1C5-4E06-4D31-9809-A97188C70B2C}.AdHoc|iPhone.Build.0 = Debug|iPhone
		{E9A9D1C5-4E06-4D31-9809-A97188C70B2C}.Ad-Hoc|iPhone.Build.0 = Release|iPhone
		{E9A9D1C5-4E06-4D31-9809-A97188C70B2C}.AdHoc|iPhoneSimulator.ActiveCfg = Debug|iPhoneSimulator
		{E9A9D1C5-4E06-4D31-9809-A97188C70B2C}.AdHoc|iPhoneSimulator.Build.0 = Debug|iPhoneSimulator
		{E9A9D1C5-4E06-4D31-9809-A97188C70B2C}.AppStore|iPhone.ActiveCfg = Release|iPhone
		{E9A9D1C5-4E06-4D31-9809-A97188C70B2C}.AppStore|iPhone.Build.0 = Release|iPhone
		{E9A9D1C5-4E06-4D31-9809-A97188C70B2C}.AppStore|iPhoneSimulator.ActiveCfg = Debug|iPhoneSimulator
		{E9A9D1C5-4E06-4D31-9809-A97188C70B2C}.AppStore|iPhoneSimulator.Build.0 = Debug|iPhoneSimulator
		{E9A9D1C5-4E06-4D31-9809-A97188C70B2C}.Debug|iPhone.ActiveCfg = Debug|iPhone
		{E9A9D1C5-4E06-4D31-9809-A97188C70B2C}.Debug|iPhone.Build.0 = Debug|iPhone
		{E9A9D1C5-4E06-4D31-9809-A97188C70B2C}.Debug|iPhoneSimulator.ActiveCfg = Debug|iPhoneSimulator
		{E9A9D1C5-4E06-4D31-9809-A97188C70B2C}.Debug|iPhoneSimulator.Build.0 = Debug|iPhoneSimulator
		{E9A9D1C5-4E06-4D31-9809-A97188C70B2C}.Release|iPhone.ActiveCfg = Release|iPhone
		{E9A9D1C5-4E06-4D31-9809-A97188C70B2C}.Release|iPhone.Build.0 = Release|iPhone
		{E9A9D1C5-4E06-4D31-9809-A97188C70B2C}.Release|iPhoneSimulator.ActiveCfg = Release|iPhoneSimulator
		{E9A9D1C5-4E06-4D31-9809-A97188C70B2C}.Release|iPhoneSimulator.Build.0 = Release|iPhoneSimulator
		{FECA9DCA-3B0B-4C0E-B7B4-E826C1BFDDB2}.AdHoc|iPhone.ActiveCfg = Debug|Any CPU
		{FECA9DCA-3B0B-4C0E-B7B4-E826C1BFDDB2}.Ad-Hoc|iPhone.ActiveCfg = Release|Any CPU
		{FECA9DCA-3B0B-4C0E-B7B4-E826C1BFDDB2}.AdHoc|iPhone.Build.0 = Debug|Any CPU
		{FECA9DCA-3B0B-4C0E-B7B4-E826C1BFDDB2}.Ad-Hoc|iPhone.Build.0 = Release|Any CPU
		{FECA9DCA-3B0B-4C0E-B7B4-E826C1BFDDB2}.AdHoc|iPhoneSimulator.ActiveCfg = Debug|Any CPU
		{FECA9DCA-3B0B-4C0E-B7B4-E826C1BFDDB2}.AdHoc|iPhoneSimulator.Build.0 = Debug|Any CPU
		{FECA9DCA-3B0B-4C0E-B7B4-E826C1BFDDB2}.AppStore|iPhone.ActiveCfg = Release|Any CPU
		{FECA9DCA-3B0B-4C0E-B7B4-E826C1BFDDB2}.AppStore|iPhone.Build.0 = Release|Any CPU
		{FECA9DCA-3B0B-4C0E-B7B4-E826C1BFDDB2}.AppStore|iPhoneSimulator.ActiveCfg = Debug|Any CPU
		{FECA9DCA-3B0B-4C0E-B7B4-E826C1BFDDB2}.AppStore|iPhoneSimulator.Build.0 = Debug|Any CPU
		{FECA9DCA-3B0B-4C0E-B7B4-E826C1BFDDB2}.Debug|iPhone.ActiveCfg = Debug|Any CPU
		{FECA9DCA-3B0B-4C0E-B7B4-E826C1BFDDB2}.Debug|iPhone.Build.0 = Debug|Any CPU
		{FECA9DCA-3B0B-4C0E-B7B4-E826C1BFDDB2}.Debug|iPhoneSimulator.ActiveCfg = Debug|Any CPU
		{FECA9DCA-3B0B-4C0E-B7B4-E826C1BFDDB2}.Debug|iPhoneSimulator.Build.0 = Debug|Any CPU
		{FECA9DCA-3B0B-4C0E-B7B4-E826C1BFDDB2}.Release|iPhone.ActiveCfg = Release|Any CPU
		{FECA9DCA-3B0B-4C0E-B7B4-E826C1BFDDB2}.Release|iPhone.Build.0 = Release|Any CPU
		{FECA9DCA-3B0B-4C0E-B7B4-E826C1BFDDB2}.Release|iPhoneSimulator.ActiveCfg = Release|Any CPU
		{FECA9DCA-3B0B-4C0E-B7B4-E826C1BFDDB2}.Release|iPhoneSimulator.Build.0 = Release|Any CPU
	EndGlobalSection
	GlobalSection(NestedProjects) = preSolution
		{E9A9D1C5-4E06-4D31-9809-A97188C70B2C} = {154CB1F3-824B-45D4-BDC8-A8BD9252163B}
		{1FD1BA85-25F8-460D-B588-0E753CFF578D} = {154CB1F3-824B-45D4-BDC8-A8BD9252163B}
		{6D7B9B53-CFEF-46BE-A608-14A4A1381CF6} = {154CB1F3-824B-45D4-BDC8-A8BD9252163B}
		{3A0C5D98-D568-43C1-A877-B1BA00BA4A87} = {154CB1F3-824B-45D4-BDC8-A8BD9252163B}
		{3FFBFFF8-5560-4EDE-82E5-3FFDFBBA8A50} = {154CB1F3-824B-45D4-BDC8-A8BD9252163B}
		{FECA9DCA-3B0B-4C0E-B7B4-E826C1BFDDB2} = {154CB1F3-824B-45D4-BDC8-A8BD9252163B}
		{89E14828-85BB-4790-9B4E-E44DD4CE000E} = {11035A12-5489-415F-8903-0835767E031D}
	EndGlobalSection
	GlobalSection(MonoDevelopProperties) = preSolution
		StartupItem = CodeHub\CodeHub.csproj
		Policies = $0
		$0.DotNetNamingPolicy = $1
		$1.DirectoryNamespaceAssociation = None
		$1.ResourceNamePolicy = FileFormatDefault
		$0.TextStylePolicy = $2
		$2.inheritsSet = VisualStudio
		$2.inheritsScope = text/plain
		$2.scope = text/x-csharp
		$0.CSharpFormattingPolicy = $3
		$3.IndentSwitchBody = True
		$3.AnonymousMethodBraceStyle = NextLine
		$3.PropertyBraceStyle = NextLine
		$3.PropertyGetBraceStyle = NextLine
		$3.PropertySetBraceStyle = NextLine
		$3.EventBraceStyle = NextLine
		$3.EventAddBraceStyle = NextLine
		$3.EventRemoveBraceStyle = NextLine
		$3.StatementBraceStyle = NextLine
		$3.ElseNewLinePlacement = NewLine
		$3.CatchNewLinePlacement = NewLine
		$3.FinallyNewLinePlacement = NewLine
		$3.WhileNewLinePlacement = DoNotCare
		$3.ArrayInitializerWrapping = DoNotChange
		$3.ArrayInitializerBraceStyle = NextLine
		$3.BeforeMethodDeclarationParentheses = False
		$3.BeforeMethodCallParentheses = False
		$3.BeforeConstructorDeclarationParentheses = False
		$3.BeforeDelegateDeclarationParentheses = False
		$3.NewParentheses = False
		$3.SpacesBeforeBrackets = False
		$3.inheritsSet = Mono
		$3.inheritsScope = text/x-csharp
		$3.scope = text/x-csharp
	EndGlobalSection
EndGlobal
