
Microsoft Visual Studio Solution File, Format Version 12.00
# Visual Studio 2012
Project("{FAE04EC0-301F-11D3-BF4B-00C04F79EFBC}") = "CodeHub.iOS", "CodeHub.iOS\CodeHub.iOS.csproj", "{B061316A-F386-4FE2-93B7-555584234FF8}"
EndProject
Project("{FAE04EC0-301F-11D3-BF4B-00C04F79EFBC}") = "CodeHub.Core.iOS", "CodeHub.Core\CodeHub.Core.iOS.csproj", "{B7970173-9022-466B-B57A-7AB1E1F3145F}"
EndProject
Global
	GlobalSection(SolutionConfigurationPlatforms) = preSolution
		AdHoc|Any CPU = AdHoc|Any CPU
		Ad-Hoc|Any CPU = Ad-Hoc|Any CPU
		AdHoc|iPhone = AdHoc|iPhone
		Ad-Hoc|iPhone = Ad-Hoc|iPhone
		AdHoc|iPhoneSimulator = AdHoc|iPhoneSimulator
		Ad-Hoc|iPhoneSimulator = Ad-Hoc|iPhoneSimulator
		AdHoc|Mixed Platforms = AdHoc|Mixed Platforms
		Ad-Hoc|Mixed Platforms = Ad-Hoc|Mixed Platforms
		AppStore|Any CPU = AppStore|Any CPU
		AppStore|iPhone = AppStore|iPhone
		AppStore|iPhoneSimulator = AppStore|iPhoneSimulator
		AppStore|Mixed Platforms = AppStore|Mixed Platforms
		Debug|Any CPU = Debug|Any CPU
		Debug|iPhone = Debug|iPhone
		Debug|iPhoneSimulator = Debug|iPhoneSimulator
		Debug|Mixed Platforms = Debug|Mixed Platforms
		Release|Any CPU = Release|Any CPU
		Release|iPhone = Release|iPhone
		Release|iPhoneSimulator = Release|iPhoneSimulator
		Release|Mixed Platforms = Release|Mixed Platforms
	EndGlobalSection
	GlobalSection(ProjectConfigurationPlatforms) = postSolution
		{B061316A-F386-4FE2-93B7-555584234FF8}.AdHoc|Any CPU.ActiveCfg = Ad-Hoc|iPhoneSimulator
		{B061316A-F386-4FE2-93B7-555584234FF8}.Ad-Hoc|Any CPU.ActiveCfg = Debug|iPhoneSimulator
		{B061316A-F386-4FE2-93B7-555584234FF8}.Ad-Hoc|Any CPU.Build.0 = Debug|iPhoneSimulator
		{B061316A-F386-4FE2-93B7-555584234FF8}.Ad-Hoc|iPhone.ActiveCfg = Ad-Hoc|iPhone
		{B061316A-F386-4FE2-93B7-555584234FF8}.AdHoc|iPhone.ActiveCfg = Debug|iPhoneSimulator
		{B061316A-F386-4FE2-93B7-555584234FF8}.Ad-Hoc|iPhone.Build.0 = Ad-Hoc|iPhone
		{B061316A-F386-4FE2-93B7-555584234FF8}.AdHoc|iPhone.Build.0 = Debug|iPhoneSimulator
		{B061316A-F386-4FE2-93B7-555584234FF8}.AdHoc|iPhoneSimulator.ActiveCfg = Debug|iPhoneSimulator
		{B061316A-F386-4FE2-93B7-555584234FF8}.Ad-Hoc|iPhoneSimulator.ActiveCfg = Debug|iPhoneSimulator
		{B061316A-F386-4FE2-93B7-555584234FF8}.AdHoc|iPhoneSimulator.Build.0 = Debug|iPhoneSimulator
		{B061316A-F386-4FE2-93B7-555584234FF8}.Ad-Hoc|iPhoneSimulator.Build.0 = Debug|iPhoneSimulator
		{B061316A-F386-4FE2-93B7-555584234FF8}.AdHoc|Mixed Platforms.ActiveCfg = Ad-Hoc|iPhoneSimulator
		{B061316A-F386-4FE2-93B7-555584234FF8}.Ad-Hoc|Mixed Platforms.ActiveCfg = Debug|iPhoneSimulator
		{B061316A-F386-4FE2-93B7-555584234FF8}.AdHoc|Mixed Platforms.Build.0 = Ad-Hoc|iPhoneSimulator
		{B061316A-F386-4FE2-93B7-555584234FF8}.Ad-Hoc|Mixed Platforms.Build.0 = Debug|iPhoneSimulator
		{B061316A-F386-4FE2-93B7-555584234FF8}.AppStore|Any CPU.ActiveCfg = Debug|iPhoneSimulator
		{B061316A-F386-4FE2-93B7-555584234FF8}.AppStore|Any CPU.Build.0 = Debug|iPhoneSimulator
		{B061316A-F386-4FE2-93B7-555584234FF8}.AppStore|iPhone.ActiveCfg = AppStore|iPhone
		{B061316A-F386-4FE2-93B7-555584234FF8}.AppStore|iPhone.Build.0 = AppStore|iPhone
		{B061316A-F386-4FE2-93B7-555584234FF8}.AppStore|iPhoneSimulator.ActiveCfg = Debug|iPhoneSimulator
		{B061316A-F386-4FE2-93B7-555584234FF8}.AppStore|iPhoneSimulator.Build.0 = Debug|iPhoneSimulator
		{B061316A-F386-4FE2-93B7-555584234FF8}.AppStore|Mixed Platforms.ActiveCfg = Debug|iPhoneSimulator
		{B061316A-F386-4FE2-93B7-555584234FF8}.AppStore|Mixed Platforms.Build.0 = Debug|iPhoneSimulator
		{B061316A-F386-4FE2-93B7-555584234FF8}.Debug|Any CPU.ActiveCfg = Debug|iPhoneSimulator
		{B061316A-F386-4FE2-93B7-555584234FF8}.Debug|Any CPU.Build.0 = Debug|iPhoneSimulator
		{B061316A-F386-4FE2-93B7-555584234FF8}.Debug|iPhone.ActiveCfg = Debug|iPhone
		{B061316A-F386-4FE2-93B7-555584234FF8}.Debug|iPhone.Build.0 = Debug|iPhone
		{B061316A-F386-4FE2-93B7-555584234FF8}.Debug|iPhoneSimulator.ActiveCfg = Debug|iPhoneSimulator
		{B061316A-F386-4FE2-93B7-555584234FF8}.Debug|iPhoneSimulator.Build.0 = Debug|iPhoneSimulator
		{B061316A-F386-4FE2-93B7-555584234FF8}.Debug|Mixed Platforms.ActiveCfg = Debug|iPhoneSimulator
		{B061316A-F386-4FE2-93B7-555584234FF8}.Debug|Mixed Platforms.Build.0 = Debug|iPhoneSimulator
		{B061316A-F386-4FE2-93B7-555584234FF8}.Release|Any CPU.ActiveCfg = Debug|iPhoneSimulator
		{B061316A-F386-4FE2-93B7-555584234FF8}.Release|Any CPU.Build.0 = Debug|iPhoneSimulator
		{B061316A-F386-4FE2-93B7-555584234FF8}.Release|iPhone.ActiveCfg = Release|iPhone
		{B061316A-F386-4FE2-93B7-555584234FF8}.Release|iPhone.Build.0 = Release|iPhone
		{B061316A-F386-4FE2-93B7-555584234FF8}.Release|iPhoneSimulator.ActiveCfg = Release|iPhoneSimulator
		{B061316A-F386-4FE2-93B7-555584234FF8}.Release|iPhoneSimulator.Build.0 = Release|iPhoneSimulator
		{B061316A-F386-4FE2-93B7-555584234FF8}.Release|Mixed Platforms.ActiveCfg = Debug|iPhoneSimulator
		{B061316A-F386-4FE2-93B7-555584234FF8}.Release|Mixed Platforms.Build.0 = Debug|iPhoneSimulator
		{B7970173-9022-466B-B57A-7AB1E1F3145F}.Ad-Hoc|Any CPU.ActiveCfg = Debug|Any CPU
		{B7970173-9022-466B-B57A-7AB1E1F3145F}.AdHoc|Any CPU.ActiveCfg = Release|Any CPU
		{B7970173-9022-466B-B57A-7AB1E1F3145F}.Ad-Hoc|Any CPU.Build.0 = Debug|Any CPU
		{B7970173-9022-466B-B57A-7AB1E1F3145F}.AdHoc|Any CPU.Build.0 = Release|Any CPU
		{B7970173-9022-466B-B57A-7AB1E1F3145F}.AdHoc|iPhone.ActiveCfg = Debug|Any CPU
		{B7970173-9022-466B-B57A-7AB1E1F3145F}.Ad-Hoc|iPhone.ActiveCfg = Release|Any CPU
		{B7970173-9022-466B-B57A-7AB1E1F3145F}.AdHoc|iPhone.Build.0 = Debug|Any CPU
		{B7970173-9022-466B-B57A-7AB1E1F3145F}.Ad-Hoc|iPhone.Build.0 = Release|Any CPU
		{B7970173-9022-466B-B57A-7AB1E1F3145F}.AdHoc|iPhoneSimulator.ActiveCfg = Debug|Any CPU
		{B7970173-9022-466B-B57A-7AB1E1F3145F}.Ad-Hoc|iPhoneSimulator.ActiveCfg = Debug|Any CPU
		{B7970173-9022-466B-B57A-7AB1E1F3145F}.AdHoc|iPhoneSimulator.Build.0 = Debug|Any CPU
		{B7970173-9022-466B-B57A-7AB1E1F3145F}.Ad-Hoc|iPhoneSimulator.Build.0 = Debug|Any CPU
		{B7970173-9022-466B-B57A-7AB1E1F3145F}.Ad-Hoc|Mixed Platforms.ActiveCfg = Debug|Any CPU
		{B7970173-9022-466B-B57A-7AB1E1F3145F}.AdHoc|Mixed Platforms.ActiveCfg = Release|Any CPU
		{B7970173-9022-466B-B57A-7AB1E1F3145F}.Ad-Hoc|Mixed Platforms.Build.0 = Debug|Any CPU
		{B7970173-9022-466B-B57A-7AB1E1F3145F}.AdHoc|Mixed Platforms.Build.0 = Release|Any CPU
		{B7970173-9022-466B-B57A-7AB1E1F3145F}.AppStore|Any CPU.ActiveCfg = Debug|Any CPU
		{B7970173-9022-466B-B57A-7AB1E1F3145F}.AppStore|Any CPU.Build.0 = Debug|Any CPU
		{B7970173-9022-466B-B57A-7AB1E1F3145F}.AppStore|iPhone.ActiveCfg = Release|Any CPU
		{B7970173-9022-466B-B57A-7AB1E1F3145F}.AppStore|iPhone.Build.0 = Release|Any CPU
		{B7970173-9022-466B-B57A-7AB1E1F3145F}.AppStore|iPhoneSimulator.ActiveCfg = Debug|Any CPU
		{B7970173-9022-466B-B57A-7AB1E1F3145F}.AppStore|iPhoneSimulator.Build.0 = Debug|Any CPU
		{B7970173-9022-466B-B57A-7AB1E1F3145F}.AppStore|Mixed Platforms.ActiveCfg = Debug|Any CPU
		{B7970173-9022-466B-B57A-7AB1E1F3145F}.AppStore|Mixed Platforms.Build.0 = Debug|Any CPU
		{B7970173-9022-466B-B57A-7AB1E1F3145F}.Debug|Any CPU.ActiveCfg = Debug|Any CPU
		{B7970173-9022-466B-B57A-7AB1E1F3145F}.Debug|Any CPU.Build.0 = Debug|Any CPU
		{B7970173-9022-466B-B57A-7AB1E1F3145F}.Debug|iPhone.ActiveCfg = Debug|Any CPU
		{B7970173-9022-466B-B57A-7AB1E1F3145F}.Debug|iPhone.Build.0 = Debug|Any CPU
		{B7970173-9022-466B-B57A-7AB1E1F3145F}.Debug|iPhoneSimulator.ActiveCfg = Debug|Any CPU
		{B7970173-9022-466B-B57A-7AB1E1F3145F}.Debug|iPhoneSimulator.Build.0 = Debug|Any CPU
		{B7970173-9022-466B-B57A-7AB1E1F3145F}.Debug|Mixed Platforms.ActiveCfg = Debug|Any CPU
		{B7970173-9022-466B-B57A-7AB1E1F3145F}.Debug|Mixed Platforms.Build.0 = Debug|Any CPU
		{B7970173-9022-466B-B57A-7AB1E1F3145F}.Release|Any CPU.ActiveCfg = Release|Any CPU
		{B7970173-9022-466B-B57A-7AB1E1F3145F}.Release|Any CPU.Build.0 = Release|Any CPU
		{B7970173-9022-466B-B57A-7AB1E1F3145F}.Release|iPhone.ActiveCfg = Release|Any CPU
		{B7970173-9022-466B-B57A-7AB1E1F3145F}.Release|iPhone.Build.0 = Release|Any CPU
		{B7970173-9022-466B-B57A-7AB1E1F3145F}.Release|iPhoneSimulator.ActiveCfg = Release|Any CPU
		{B7970173-9022-466B-B57A-7AB1E1F3145F}.Release|iPhoneSimulator.Build.0 = Release|Any CPU
		{B7970173-9022-466B-B57A-7AB1E1F3145F}.Release|Mixed Platforms.ActiveCfg = Release|Any CPU
		{B7970173-9022-466B-B57A-7AB1E1F3145F}.Release|Mixed Platforms.Build.0 = Release|Any CPU
	EndGlobalSection
	GlobalSection(MonoDevelopProperties) = preSolution
		Policies = $0
		$0.DotNetNamingPolicy = $1
		$1.DirectoryNamespaceAssociation = PrefixedHierarchical
		$1.ResourceNamePolicy = FileFormatDefault
		$0.TextStylePolicy = $2
		$2.FileWidth = 120
		$2.TabsToSpaces = False
		$2.inheritsSet = null
		$2.inheritsScope = text/plain
		$2.scope = text/css
		$0.TextStylePolicy = $3
		$3.inheritsSet = VisualStudio
		$3.inheritsScope = text/plain
		$3.scope = text/x-csharp
		$0.CSharpFormattingPolicy = $4
		$4.IndentSwitchBody = True
		$4.PropertyBraceStyle = NextLine
		$4.PropertyGetBraceStyle = NextLine
		$4.PropertySetBraceStyle = NextLine
		$4.EventBraceStyle = NextLine
		$4.EventAddBraceStyle = NextLine
		$4.EventRemoveBraceStyle = NextLine
		$4.StatementBraceStyle = NextLine
		$4.ElseNewLinePlacement = NewLine
		$4.CatchNewLinePlacement = NewLine
		$4.FinallyNewLinePlacement = NewLine
		$4.WhileNewLinePlacement = DoNotCare
		$4.ArrayInitializerWrapping = DoNotChange
		$4.ArrayInitializerBraceStyle = NextLine
		$4.BeforeMethodDeclarationParentheses = False
		$4.BeforeMethodCallParentheses = False
		$4.BeforeConstructorDeclarationParentheses = False
		$4.NewLineBeforeConstructorInitializerColon = NewLine
		$4.NewLineAfterConstructorInitializerColon = SameLine
		$4.BeforeDelegateDeclarationParentheses = False
		$4.NewParentheses = False
		$4.SpacesBeforeBrackets = False
		$4.inheritsSet = Mono
		$4.inheritsScope = text/x-csharp
		$4.scope = text/x-csharp
		$4.IndentSwitchSection = True
		$4.NewLinesForBracesInProperties = True
		$4.NewLinesForBracesInAccessors = True
		$4.NewLinesForBracesInAnonymousMethods = True
		$4.NewLinesForBracesInControlBlocks = True
		$4.NewLinesForBracesInAnonymousTypes = True
		$4.NewLinesForBracesInObjectCollectionArrayInitializers = True
		$4.NewLinesForBracesInLambdaExpressionBody = True
		$4.NewLineForElse = True
		$4.NewLineForCatch = True
		$4.NewLineForFinally = True
		$4.NewLineForMembersInObjectInit = True
		$4.NewLineForMembersInAnonymousTypes = True
		$4.NewLineForClausesInQuery = True
		$4.SpacingAfterMethodDeclarationName = False
		$4.SpaceAfterMethodCallName = False
		$4.SpaceBeforeOpenSquareBracket = False
		$0.TextStylePolicy = $5
		$5.FileWidth = 120
		$5.inheritsSet = VisualStudio
		$5.inheritsScope = text/plain
		$5.scope = text/plain
		$0.TextStylePolicy = $6
		$6.inheritsSet = null
		$6.scope = application/xml
		$0.XmlFormattingPolicy = $7
		$7.inheritsSet = Mono
		$7.inheritsScope = application/xml
		$7.scope = application/xml
		$0.TextStylePolicy = $8
		$8.inheritsSet = null
		$8.scope = text/html
		$0.TextStylePolicy = $9
		$9.inheritsSet = null
		$9.scope = application/javascript
		$0.TextStylePolicy = $10
		$10.inheritsSet = null
		$10.scope = text/css
	EndGlobalSection
	GlobalSection(SolutionProperties) = preSolution
		HideSolutionNode = FALSE
	EndGlobalSection
EndGlobal
