
Microsoft Visual Studio Solution File, Format Version 12.00
# Visual Studio 2012
Project("{FAE04EC0-301F-11D3-BF4B-00C04F79EFBC}") = "CodeHub.Core.iOS", "CodeHub.Core\CodeHub.Core.iOS.csproj", "{9668F603-4C35-40FF-8703-8F8184CC9FC9}"
EndProject
Project("{FAE04EC0-301F-11D3-BF4B-00C04F79EFBC}") = "CodeFramework.Core", "lib\CodeFramework\CodeFramework.Core\CodeFramework.Core.csproj", "{C99FE7E3-0985-48F1-9EBB-91680A795F0F}"
EndProject
Project("{FAE04EC0-301F-11D3-BF4B-00C04F79EFBC}") = "CodeFramework.iOS", "lib\CodeFramework\CodeFramework.iOS\CodeFramework.iOS.csproj", "{2698B412-26A3-4269-AA01-AC3BC79A0F14}"
EndProject
Project("{FAE04EC0-301F-11D3-BF4B-00C04F79EFBC}") = "CodeHub.iOS", "CodeHub.iOS\CodeHub.iOS.csproj", "{B061316A-F386-4FE2-93B7-555584234FF8}"
EndProject
Project("{2150E333-8FDC-42A3-9474-1A3956D46DE8}") = "Core", "Core", "{01EDFF90-D8F3-4933-840C-5819A5934A5A}"
EndProject
Project("{2150E333-8FDC-42A3-9474-1A3956D46DE8}") = "Libraries", "Libraries", "{AB60FAD6-D4E8-45DE-92BD-7D1A64143DB0}"
EndProject
Project("{FAE04EC0-301F-11D3-BF4B-00C04F79EFBC}") = "GitHubSharp.MonoTouch", "lib\GitHubSharp\GitHubSharp.MonoTouch.csproj", "{89E14828-85BB-4790-9B4E-E44DD4CE000E}"
EndProject
Project("{FAE04EC0-301F-11D3-BF4B-00C04F79EFBC}") = "Xamarin.Utilities.Core.iOS", "lib\CodeFramework\lib\Xamarin.Utilities\Xamarin.Utilities.Core\Xamarin.Utilities.Core.iOS.csproj", "{EBBA1BD0-8430-4CC1-B636-B89C505C7D1C}"
EndProject
Project("{FAE04EC0-301F-11D3-BF4B-00C04F79EFBC}") = "Xamarin.Utilities.iOS", "lib\CodeFramework\lib\Xamarin.Utilities\Xamarin.Utilities.iOS\Xamarin.Utilities.iOS.csproj", "{5E7E39CA-0CCE-41FE-A868-EE0E567E069E}"
EndProject
Project("{FAE04EC0-301F-11D3-BF4B-00C04F79EFBC}") = "MonoTouch.Dialog", "lib\CodeFramework\CodeFramework.iOS\lib\MonoTouch.Dialog\MonoTouch.Dialog\MonoTouch.Dialog.csproj", "{3FFBFFF8-5560-4EDE-82E5-3FFDFBBA8A50}"
EndProject
Project("{FAE04EC0-301F-11D3-BF4B-00C04F79EFBC}") = "MonoTouch.SlideoutNavigation", "lib\CodeFramework\CodeFramework.iOS\lib\MonoTouch.SlideoutNavigation\MonoTouch.SlideoutNavigation\MonoTouch.SlideoutNavigation.csproj", "{6D7B9B53-CFEF-46BE-A608-14A4A1381CF6}"
EndProject
Global
	GlobalSection(SolutionConfigurationPlatforms) = preSolution
		Ad-Hoc|Any CPU = Ad-Hoc|Any CPU
		Ad-Hoc|iPhone = Ad-Hoc|iPhone
		Ad-Hoc|iPhoneSimulator = Ad-Hoc|iPhoneSimulator
		Ad-Hoc|Mixed Platforms = Ad-Hoc|Mixed Platforms
		AppStore|Any CPU = AppStore|Any CPU
		AppStore|iPhone = AppStore|iPhone
		AppStore|iPhoneSimulator = AppStore|iPhoneSimulator
		AppStore|Mixed Platforms = AppStore|Mixed Platforms
		Debug|Any CPU = Debug|Any CPU
		Debug|iPhone = Debug|iPhone
		Debug|iPhoneSimulator = Debug|iPhoneSimulator
		Debug|Mixed Platforms = Debug|Mixed Platforms
		Release|Any CPU = Release|Any CPU
		Release|iPhone = Release|iPhone
		Release|iPhoneSimulator = Release|iPhoneSimulator
		Release|Mixed Platforms = Release|Mixed Platforms
	EndGlobalSection
	GlobalSection(ProjectConfigurationPlatforms) = postSolution
		{9668F603-4C35-40FF-8703-8F8184CC9FC9}.Ad-Hoc|Any CPU.ActiveCfg = Release|Any CPU
		{9668F603-4C35-40FF-8703-8F8184CC9FC9}.Ad-Hoc|Any CPU.Build.0 = Release|Any CPU
		{9668F603-4C35-40FF-8703-8F8184CC9FC9}.Ad-Hoc|iPhone.ActiveCfg = Release|Any CPU
		{9668F603-4C35-40FF-8703-8F8184CC9FC9}.Ad-Hoc|iPhoneSimulator.ActiveCfg = Release|Any CPU
		{9668F603-4C35-40FF-8703-8F8184CC9FC9}.Ad-Hoc|Mixed Platforms.ActiveCfg = Release|Any CPU
		{9668F603-4C35-40FF-8703-8F8184CC9FC9}.Ad-Hoc|Mixed Platforms.Build.0 = Release|Any CPU
		{9668F603-4C35-40FF-8703-8F8184CC9FC9}.AppStore|Any CPU.ActiveCfg = Release|Any CPU
		{9668F603-4C35-40FF-8703-8F8184CC9FC9}.AppStore|Any CPU.Build.0 = Release|Any CPU
		{9668F603-4C35-40FF-8703-8F8184CC9FC9}.AppStore|iPhone.ActiveCfg = Release|Any CPU
		{9668F603-4C35-40FF-8703-8F8184CC9FC9}.AppStore|iPhoneSimulator.ActiveCfg = Release|Any CPU
		{9668F603-4C35-40FF-8703-8F8184CC9FC9}.AppStore|Mixed Platforms.ActiveCfg = Release|Any CPU
		{9668F603-4C35-40FF-8703-8F8184CC9FC9}.AppStore|Mixed Platforms.Build.0 = Release|Any CPU
		{9668F603-4C35-40FF-8703-8F8184CC9FC9}.Debug|Any CPU.ActiveCfg = Debug|Any CPU
		{9668F603-4C35-40FF-8703-8F8184CC9FC9}.Debug|Any CPU.Build.0 = Debug|Any CPU
		{9668F603-4C35-40FF-8703-8F8184CC9FC9}.Debug|iPhone.ActiveCfg = Debug|Any CPU
		{9668F603-4C35-40FF-8703-8F8184CC9FC9}.Debug|iPhoneSimulator.ActiveCfg = Debug|Any CPU
		{9668F603-4C35-40FF-8703-8F8184CC9FC9}.Debug|Mixed Platforms.ActiveCfg = Debug|Any CPU
		{9668F603-4C35-40FF-8703-8F8184CC9FC9}.Debug|Mixed Platforms.Build.0 = Debug|Any CPU
		{9668F603-4C35-40FF-8703-8F8184CC9FC9}.Release|Any CPU.ActiveCfg = Release|Any CPU
		{9668F603-4C35-40FF-8703-8F8184CC9FC9}.Release|Any CPU.Build.0 = Release|Any CPU
		{9668F603-4C35-40FF-8703-8F8184CC9FC9}.Release|iPhone.ActiveCfg = Release|Any CPU
		{9668F603-4C35-40FF-8703-8F8184CC9FC9}.Release|iPhoneSimulator.ActiveCfg = Release|Any CPU
		{9668F603-4C35-40FF-8703-8F8184CC9FC9}.Release|Mixed Platforms.ActiveCfg = Release|Any CPU
		{9668F603-4C35-40FF-8703-8F8184CC9FC9}.Release|Mixed Platforms.Build.0 = Release|Any CPU
		{C99FE7E3-0985-48F1-9EBB-91680A795F0F}.Ad-Hoc|Any CPU.ActiveCfg = Release|Any CPU
		{C99FE7E3-0985-48F1-9EBB-91680A795F0F}.Ad-Hoc|Any CPU.Build.0 = Release|Any CPU
		{C99FE7E3-0985-48F1-9EBB-91680A795F0F}.Ad-Hoc|iPhone.ActiveCfg = Release|Any CPU
		{C99FE7E3-0985-48F1-9EBB-91680A795F0F}.Ad-Hoc|iPhoneSimulator.ActiveCfg = Release|Any CPU
		{C99FE7E3-0985-48F1-9EBB-91680A795F0F}.Ad-Hoc|Mixed Platforms.ActiveCfg = Release|Any CPU
		{C99FE7E3-0985-48F1-9EBB-91680A795F0F}.Ad-Hoc|Mixed Platforms.Build.0 = Release|Any CPU
		{C99FE7E3-0985-48F1-9EBB-91680A795F0F}.AppStore|Any CPU.ActiveCfg = Release|Any CPU
		{C99FE7E3-0985-48F1-9EBB-91680A795F0F}.AppStore|Any CPU.Build.0 = Release|Any CPU
		{C99FE7E3-0985-48F1-9EBB-91680A795F0F}.AppStore|iPhone.ActiveCfg = Release|Any CPU
		{C99FE7E3-0985-48F1-9EBB-91680A795F0F}.AppStore|iPhoneSimulator.ActiveCfg = Release|Any CPU
		{C99FE7E3-0985-48F1-9EBB-91680A795F0F}.AppStore|Mixed Platforms.ActiveCfg = Release|Any CPU
		{C99FE7E3-0985-48F1-9EBB-91680A795F0F}.AppStore|Mixed Platforms.Build.0 = Release|Any CPU
		{C99FE7E3-0985-48F1-9EBB-91680A795F0F}.Debug|Any CPU.ActiveCfg = Debug|Any CPU
		{C99FE7E3-0985-48F1-9EBB-91680A795F0F}.Debug|Any CPU.Build.0 = Debug|Any CPU
		{C99FE7E3-0985-48F1-9EBB-91680A795F0F}.Debug|iPhone.ActiveCfg = Debug|Any CPU
		{C99FE7E3-0985-48F1-9EBB-91680A795F0F}.Debug|iPhoneSimulator.ActiveCfg = Debug|Any CPU
		{C99FE7E3-0985-48F1-9EBB-91680A795F0F}.Debug|Mixed Platforms.ActiveCfg = Debug|Any CPU
		{C99FE7E3-0985-48F1-9EBB-91680A795F0F}.Debug|Mixed Platforms.Build.0 = Debug|Any CPU
		{C99FE7E3-0985-48F1-9EBB-91680A795F0F}.Release|Any CPU.ActiveCfg = Release|Any CPU
		{C99FE7E3-0985-48F1-9EBB-91680A795F0F}.Release|Any CPU.Build.0 = Release|Any CPU
		{C99FE7E3-0985-48F1-9EBB-91680A795F0F}.Release|iPhone.ActiveCfg = Release|Any CPU
		{C99FE7E3-0985-48F1-9EBB-91680A795F0F}.Release|iPhoneSimulator.ActiveCfg = Release|Any CPU
		{C99FE7E3-0985-48F1-9EBB-91680A795F0F}.Release|Mixed Platforms.ActiveCfg = Release|Any CPU
		{C99FE7E3-0985-48F1-9EBB-91680A795F0F}.Release|Mixed Platforms.Build.0 = Release|Any CPU
		{2698B412-26A3-4269-AA01-AC3BC79A0F14}.Ad-Hoc|Any CPU.ActiveCfg = Release|Any CPU
		{2698B412-26A3-4269-AA01-AC3BC79A0F14}.Ad-Hoc|Any CPU.Build.0 = Release|Any CPU
		{2698B412-26A3-4269-AA01-AC3BC79A0F14}.Ad-Hoc|iPhone.ActiveCfg = Release|Any CPU
		{2698B412-26A3-4269-AA01-AC3BC79A0F14}.Ad-Hoc|iPhoneSimulator.ActiveCfg = Release|Any CPU
		{2698B412-26A3-4269-AA01-AC3BC79A0F14}.Ad-Hoc|Mixed Platforms.ActiveCfg = Release|Any CPU
		{2698B412-26A3-4269-AA01-AC3BC79A0F14}.Ad-Hoc|Mixed Platforms.Build.0 = Release|Any CPU
		{2698B412-26A3-4269-AA01-AC3BC79A0F14}.AppStore|Any CPU.ActiveCfg = Release|Any CPU
		{2698B412-26A3-4269-AA01-AC3BC79A0F14}.AppStore|Any CPU.Build.0 = Release|Any CPU
		{2698B412-26A3-4269-AA01-AC3BC79A0F14}.AppStore|iPhone.ActiveCfg = Release|Any CPU
		{2698B412-26A3-4269-AA01-AC3BC79A0F14}.AppStore|iPhoneSimulator.ActiveCfg = Release|Any CPU
		{2698B412-26A3-4269-AA01-AC3BC79A0F14}.AppStore|Mixed Platforms.ActiveCfg = Release|Any CPU
		{2698B412-26A3-4269-AA01-AC3BC79A0F14}.AppStore|Mixed Platforms.Build.0 = Release|Any CPU
		{2698B412-26A3-4269-AA01-AC3BC79A0F14}.Debug|Any CPU.ActiveCfg = Debug|Any CPU
		{2698B412-26A3-4269-AA01-AC3BC79A0F14}.Debug|Any CPU.Build.0 = Debug|Any CPU
		{2698B412-26A3-4269-AA01-AC3BC79A0F14}.Debug|iPhone.ActiveCfg = Debug|Any CPU
		{2698B412-26A3-4269-AA01-AC3BC79A0F14}.Debug|iPhoneSimulator.ActiveCfg = Debug|Any CPU
		{2698B412-26A3-4269-AA01-AC3BC79A0F14}.Debug|Mixed Platforms.ActiveCfg = Debug|Any CPU
		{2698B412-26A3-4269-AA01-AC3BC79A0F14}.Debug|Mixed Platforms.Build.0 = Debug|Any CPU
		{2698B412-26A3-4269-AA01-AC3BC79A0F14}.Release|Any CPU.ActiveCfg = Release|Any CPU
		{2698B412-26A3-4269-AA01-AC3BC79A0F14}.Release|Any CPU.Build.0 = Release|Any CPU
		{2698B412-26A3-4269-AA01-AC3BC79A0F14}.Release|iPhone.ActiveCfg = Release|Any CPU
		{2698B412-26A3-4269-AA01-AC3BC79A0F14}.Release|iPhoneSimulator.ActiveCfg = Release|Any CPU
		{2698B412-26A3-4269-AA01-AC3BC79A0F14}.Release|Mixed Platforms.ActiveCfg = Release|Any CPU
		{2698B412-26A3-4269-AA01-AC3BC79A0F14}.Release|Mixed Platforms.Build.0 = Release|Any CPU
		{B061316A-F386-4FE2-93B7-555584234FF8}.Ad-Hoc|Any CPU.ActiveCfg = Ad-Hoc|iPhone
		{B061316A-F386-4FE2-93B7-555584234FF8}.Ad-Hoc|iPhone.ActiveCfg = Ad-Hoc|iPhone
		{B061316A-F386-4FE2-93B7-555584234FF8}.Ad-Hoc|iPhone.Build.0 = Ad-Hoc|iPhone
		{B061316A-F386-4FE2-93B7-555584234FF8}.Ad-Hoc|iPhone.Deploy.0 = Ad-Hoc|iPhone
		{B061316A-F386-4FE2-93B7-555584234FF8}.Ad-Hoc|iPhoneSimulator.ActiveCfg = Ad-Hoc|iPhoneSimulator
		{B061316A-F386-4FE2-93B7-555584234FF8}.Ad-Hoc|iPhoneSimulator.Build.0 = Ad-Hoc|iPhoneSimulator
		{B061316A-F386-4FE2-93B7-555584234FF8}.Ad-Hoc|iPhoneSimulator.Deploy.0 = Ad-Hoc|iPhoneSimulator
		{B061316A-F386-4FE2-93B7-555584234FF8}.Ad-Hoc|Mixed Platforms.ActiveCfg = Ad-Hoc|iPhone
		{B061316A-F386-4FE2-93B7-555584234FF8}.Ad-Hoc|Mixed Platforms.Build.0 = Ad-Hoc|iPhone
		{B061316A-F386-4FE2-93B7-555584234FF8}.Ad-Hoc|Mixed Platforms.Deploy.0 = Ad-Hoc|iPhone
		{B061316A-F386-4FE2-93B7-555584234FF8}.AppStore|Any CPU.ActiveCfg = AppStore|iPhone
		{B061316A-F386-4FE2-93B7-555584234FF8}.AppStore|iPhone.ActiveCfg = AppStore|iPhone
		{B061316A-F386-4FE2-93B7-555584234FF8}.AppStore|iPhone.Build.0 = AppStore|iPhone
		{B061316A-F386-4FE2-93B7-555584234FF8}.AppStore|iPhone.Deploy.0 = AppStore|iPhone
		{B061316A-F386-4FE2-93B7-555584234FF8}.AppStore|iPhoneSimulator.ActiveCfg = AppStore|iPhoneSimulator
		{B061316A-F386-4FE2-93B7-555584234FF8}.AppStore|iPhoneSimulator.Build.0 = AppStore|iPhoneSimulator
		{B061316A-F386-4FE2-93B7-555584234FF8}.AppStore|iPhoneSimulator.Deploy.0 = AppStore|iPhoneSimulator
		{B061316A-F386-4FE2-93B7-555584234FF8}.AppStore|Mixed Platforms.ActiveCfg = AppStore|iPhone
		{B061316A-F386-4FE2-93B7-555584234FF8}.AppStore|Mixed Platforms.Build.0 = AppStore|iPhone
		{B061316A-F386-4FE2-93B7-555584234FF8}.AppStore|Mixed Platforms.Deploy.0 = AppStore|iPhone
		{B061316A-F386-4FE2-93B7-555584234FF8}.Debug|Any CPU.ActiveCfg = Debug|iPhone
		{B061316A-F386-4FE2-93B7-555584234FF8}.Debug|iPhone.ActiveCfg = Debug|iPhone
		{B061316A-F386-4FE2-93B7-555584234FF8}.Debug|iPhone.Build.0 = Debug|iPhone
		{B061316A-F386-4FE2-93B7-555584234FF8}.Debug|iPhone.Deploy.0 = Debug|iPhone
		{B061316A-F386-4FE2-93B7-555584234FF8}.Debug|iPhoneSimulator.ActiveCfg = Debug|iPhoneSimulator
		{B061316A-F386-4FE2-93B7-555584234FF8}.Debug|iPhoneSimulator.Build.0 = Debug|iPhoneSimulator
		{B061316A-F386-4FE2-93B7-555584234FF8}.Debug|iPhoneSimulator.Deploy.0 = Debug|iPhoneSimulator
		{B061316A-F386-4FE2-93B7-555584234FF8}.Debug|Mixed Platforms.ActiveCfg = Debug|iPhone
		{B061316A-F386-4FE2-93B7-555584234FF8}.Debug|Mixed Platforms.Build.0 = Debug|iPhone
		{B061316A-F386-4FE2-93B7-555584234FF8}.Debug|Mixed Platforms.Deploy.0 = Debug|iPhone
		{B061316A-F386-4FE2-93B7-555584234FF8}.Release|Any CPU.ActiveCfg = Release|iPhone
		{B061316A-F386-4FE2-93B7-555584234FF8}.Release|iPhone.ActiveCfg = Release|iPhone
		{B061316A-F386-4FE2-93B7-555584234FF8}.Release|iPhone.Build.0 = Release|iPhone
		{B061316A-F386-4FE2-93B7-555584234FF8}.Release|iPhone.Deploy.0 = Release|iPhone
		{B061316A-F386-4FE2-93B7-555584234FF8}.Release|iPhoneSimulator.ActiveCfg = Release|iPhoneSimulator
		{B061316A-F386-4FE2-93B7-555584234FF8}.Release|iPhoneSimulator.Build.0 = Release|iPhoneSimulator
		{B061316A-F386-4FE2-93B7-555584234FF8}.Release|iPhoneSimulator.Deploy.0 = Release|iPhoneSimulator
		{B061316A-F386-4FE2-93B7-555584234FF8}.Release|Mixed Platforms.ActiveCfg = Release|iPhone
		{B061316A-F386-4FE2-93B7-555584234FF8}.Release|Mixed Platforms.Build.0 = Release|iPhone
		{B061316A-F386-4FE2-93B7-555584234FF8}.Release|Mixed Platforms.Deploy.0 = Release|iPhone
		{89E14828-85BB-4790-9B4E-E44DD4CE000E}.Ad-Hoc|Any CPU.ActiveCfg = Release|Any CPU
		{89E14828-85BB-4790-9B4E-E44DD4CE000E}.Ad-Hoc|Any CPU.Build.0 = Release|Any CPU
		{89E14828-85BB-4790-9B4E-E44DD4CE000E}.Ad-Hoc|iPhone.ActiveCfg = Release|Any CPU
		{89E14828-85BB-4790-9B4E-E44DD4CE000E}.Ad-Hoc|iPhoneSimulator.ActiveCfg = Release|Any CPU
		{89E14828-85BB-4790-9B4E-E44DD4CE000E}.Ad-Hoc|Mixed Platforms.ActiveCfg = Release|Any CPU
		{89E14828-85BB-4790-9B4E-E44DD4CE000E}.Ad-Hoc|Mixed Platforms.Build.0 = Release|Any CPU
		{89E14828-85BB-4790-9B4E-E44DD4CE000E}.AppStore|Any CPU.ActiveCfg = Release|Any CPU
		{89E14828-85BB-4790-9B4E-E44DD4CE000E}.AppStore|Any CPU.Build.0 = Release|Any CPU
		{89E14828-85BB-4790-9B4E-E44DD4CE000E}.AppStore|iPhone.ActiveCfg = Release|Any CPU
		{89E14828-85BB-4790-9B4E-E44DD4CE000E}.AppStore|iPhoneSimulator.ActiveCfg = Release|Any CPU
		{89E14828-85BB-4790-9B4E-E44DD4CE000E}.AppStore|Mixed Platforms.ActiveCfg = Release|Any CPU
		{89E14828-85BB-4790-9B4E-E44DD4CE000E}.AppStore|Mixed Platforms.Build.0 = Release|Any CPU
		{89E14828-85BB-4790-9B4E-E44DD4CE000E}.Debug|Any CPU.ActiveCfg = Debug|Any CPU
		{89E14828-85BB-4790-9B4E-E44DD4CE000E}.Debug|Any CPU.Build.0 = Debug|Any CPU
		{89E14828-85BB-4790-9B4E-E44DD4CE000E}.Debug|iPhone.ActiveCfg = Debug|Any CPU
		{89E14828-85BB-4790-9B4E-E44DD4CE000E}.Debug|iPhoneSimulator.ActiveCfg = Debug|Any CPU
		{89E14828-85BB-4790-9B4E-E44DD4CE000E}.Debug|Mixed Platforms.ActiveCfg = Debug|Any CPU
		{89E14828-85BB-4790-9B4E-E44DD4CE000E}.Debug|Mixed Platforms.Build.0 = Debug|Any CPU
		{89E14828-85BB-4790-9B4E-E44DD4CE000E}.Release|Any CPU.ActiveCfg = Release|Any CPU
		{89E14828-85BB-4790-9B4E-E44DD4CE000E}.Release|Any CPU.Build.0 = Release|Any CPU
		{89E14828-85BB-4790-9B4E-E44DD4CE000E}.Release|iPhone.ActiveCfg = Release|Any CPU
		{89E14828-85BB-4790-9B4E-E44DD4CE000E}.Release|iPhoneSimulator.ActiveCfg = Release|Any CPU
		{89E14828-85BB-4790-9B4E-E44DD4CE000E}.Release|Mixed Platforms.ActiveCfg = Release|Any CPU
		{89E14828-85BB-4790-9B4E-E44DD4CE000E}.Release|Mixed Platforms.Build.0 = Release|Any CPU
		{EBBA1BD0-8430-4CC1-B636-B89C505C7D1C}.Ad-Hoc|Any CPU.ActiveCfg = Release|Any CPU
		{EBBA1BD0-8430-4CC1-B636-B89C505C7D1C}.Ad-Hoc|Any CPU.Build.0 = Release|Any CPU
		{EBBA1BD0-8430-4CC1-B636-B89C505C7D1C}.Ad-Hoc|iPhone.ActiveCfg = Release|Any CPU
		{EBBA1BD0-8430-4CC1-B636-B89C505C7D1C}.Ad-Hoc|iPhoneSimulator.ActiveCfg = Release|Any CPU
		{EBBA1BD0-8430-4CC1-B636-B89C505C7D1C}.Ad-Hoc|Mixed Platforms.ActiveCfg = Release|Any CPU
		{EBBA1BD0-8430-4CC1-B636-B89C505C7D1C}.Ad-Hoc|Mixed Platforms.Build.0 = Release|Any CPU
		{EBBA1BD0-8430-4CC1-B636-B89C505C7D1C}.AppStore|Any CPU.ActiveCfg = Release|Any CPU
		{EBBA1BD0-8430-4CC1-B636-B89C505C7D1C}.AppStore|Any CPU.Build.0 = Release|Any CPU
		{EBBA1BD0-8430-4CC1-B636-B89C505C7D1C}.AppStore|iPhone.ActiveCfg = Release|Any CPU
		{EBBA1BD0-8430-4CC1-B636-B89C505C7D1C}.AppStore|iPhoneSimulator.ActiveCfg = Release|Any CPU
		{EBBA1BD0-8430-4CC1-B636-B89C505C7D1C}.AppStore|Mixed Platforms.ActiveCfg = Release|Any CPU
		{EBBA1BD0-8430-4CC1-B636-B89C505C7D1C}.AppStore|Mixed Platforms.Build.0 = Release|Any CPU
		{EBBA1BD0-8430-4CC1-B636-B89C505C7D1C}.Debug|Any CPU.ActiveCfg = Debug|Any CPU
		{EBBA1BD0-8430-4CC1-B636-B89C505C7D1C}.Debug|Any CPU.Build.0 = Debug|Any CPU
		{EBBA1BD0-8430-4CC1-B636-B89C505C7D1C}.Debug|iPhone.ActiveCfg = Debug|Any CPU
		{EBBA1BD0-8430-4CC1-B636-B89C505C7D1C}.Debug|iPhoneSimulator.ActiveCfg = Debug|Any CPU
		{EBBA1BD0-8430-4CC1-B636-B89C505C7D1C}.Debug|Mixed Platforms.ActiveCfg = Debug|Any CPU
		{EBBA1BD0-8430-4CC1-B636-B89C505C7D1C}.Debug|Mixed Platforms.Build.0 = Debug|Any CPU
		{EBBA1BD0-8430-4CC1-B636-B89C505C7D1C}.Release|Any CPU.ActiveCfg = Release|Any CPU
		{EBBA1BD0-8430-4CC1-B636-B89C505C7D1C}.Release|Any CPU.Build.0 = Release|Any CPU
		{EBBA1BD0-8430-4CC1-B636-B89C505C7D1C}.Release|iPhone.ActiveCfg = Release|Any CPU
		{EBBA1BD0-8430-4CC1-B636-B89C505C7D1C}.Release|iPhoneSimulator.ActiveCfg = Release|Any CPU
		{EBBA1BD0-8430-4CC1-B636-B89C505C7D1C}.Release|Mixed Platforms.ActiveCfg = Release|Any CPU
		{EBBA1BD0-8430-4CC1-B636-B89C505C7D1C}.Release|Mixed Platforms.Build.0 = Release|Any CPU
		{5E7E39CA-0CCE-41FE-A868-EE0E567E069E}.Ad-Hoc|Any CPU.ActiveCfg = Release|Any CPU
		{5E7E39CA-0CCE-41FE-A868-EE0E567E069E}.Ad-Hoc|Any CPU.Build.0 = Release|Any CPU
		{5E7E39CA-0CCE-41FE-A868-EE0E567E069E}.Ad-Hoc|iPhone.ActiveCfg = Release|Any CPU
		{5E7E39CA-0CCE-41FE-A868-EE0E567E069E}.Ad-Hoc|iPhoneSimulator.ActiveCfg = Release|Any CPU
		{5E7E39CA-0CCE-41FE-A868-EE0E567E069E}.Ad-Hoc|Mixed Platforms.ActiveCfg = Release|Any CPU
		{5E7E39CA-0CCE-41FE-A868-EE0E567E069E}.Ad-Hoc|Mixed Platforms.Build.0 = Release|Any CPU
		{5E7E39CA-0CCE-41FE-A868-EE0E567E069E}.AppStore|Any CPU.ActiveCfg = Release|Any CPU
		{5E7E39CA-0CCE-41FE-A868-EE0E567E069E}.AppStore|Any CPU.Build.0 = Release|Any CPU
		{5E7E39CA-0CCE-41FE-A868-EE0E567E069E}.AppStore|iPhone.ActiveCfg = Release|Any CPU
		{5E7E39CA-0CCE-41FE-A868-EE0E567E069E}.AppStore|iPhoneSimulator.ActiveCfg = Release|Any CPU
		{5E7E39CA-0CCE-41FE-A868-EE0E567E069E}.AppStore|Mixed Platforms.ActiveCfg = Release|Any CPU
		{5E7E39CA-0CCE-41FE-A868-EE0E567E069E}.AppStore|Mixed Platforms.Build.0 = Release|Any CPU
		{5E7E39CA-0CCE-41FE-A868-EE0E567E069E}.Debug|Any CPU.ActiveCfg = Debug|Any CPU
		{5E7E39CA-0CCE-41FE-A868-EE0E567E069E}.Debug|Any CPU.Build.0 = Debug|Any CPU
		{5E7E39CA-0CCE-41FE-A868-EE0E567E069E}.Debug|iPhone.ActiveCfg = Debug|Any CPU
		{5E7E39CA-0CCE-41FE-A868-EE0E567E069E}.Debug|iPhoneSimulator.ActiveCfg = Debug|Any CPU
		{5E7E39CA-0CCE-41FE-A868-EE0E567E069E}.Debug|Mixed Platforms.ActiveCfg = Debug|Any CPU
		{5E7E39CA-0CCE-41FE-A868-EE0E567E069E}.Debug|Mixed Platforms.Build.0 = Debug|Any CPU
		{5E7E39CA-0CCE-41FE-A868-EE0E567E069E}.Release|Any CPU.ActiveCfg = Release|Any CPU
		{5E7E39CA-0CCE-41FE-A868-EE0E567E069E}.Release|Any CPU.Build.0 = Release|Any CPU
		{5E7E39CA-0CCE-41FE-A868-EE0E567E069E}.Release|iPhone.ActiveCfg = Release|Any CPU
		{5E7E39CA-0CCE-41FE-A868-EE0E567E069E}.Release|iPhoneSimulator.ActiveCfg = Release|Any CPU
		{5E7E39CA-0CCE-41FE-A868-EE0E567E069E}.Release|Mixed Platforms.ActiveCfg = Release|Any CPU
		{5E7E39CA-0CCE-41FE-A868-EE0E567E069E}.Release|Mixed Platforms.Build.0 = Release|Any CPU
		{3FFBFFF8-5560-4EDE-82E5-3FFDFBBA8A50}.Ad-Hoc|Any CPU.ActiveCfg = Ad-Hoc|iPhone
		{3FFBFFF8-5560-4EDE-82E5-3FFDFBBA8A50}.Ad-Hoc|iPhone.ActiveCfg = Ad-Hoc|iPhone
		{3FFBFFF8-5560-4EDE-82E5-3FFDFBBA8A50}.Ad-Hoc|iPhone.Build.0 = Ad-Hoc|iPhone
		{3FFBFFF8-5560-4EDE-82E5-3FFDFBBA8A50}.Ad-Hoc|iPhoneSimulator.ActiveCfg = Ad-Hoc|iPhoneSimulator
		{3FFBFFF8-5560-4EDE-82E5-3FFDFBBA8A50}.Ad-Hoc|iPhoneSimulator.Build.0 = Ad-Hoc|iPhoneSimulator
		{3FFBFFF8-5560-4EDE-82E5-3FFDFBBA8A50}.Ad-Hoc|Mixed Platforms.ActiveCfg = Ad-Hoc|iPhone
		{3FFBFFF8-5560-4EDE-82E5-3FFDFBBA8A50}.Ad-Hoc|Mixed Platforms.Build.0 = Ad-Hoc|iPhone
		{3FFBFFF8-5560-4EDE-82E5-3FFDFBBA8A50}.AppStore|Any CPU.ActiveCfg = AppStore|iPhone
		{3FFBFFF8-5560-4EDE-82E5-3FFDFBBA8A50}.AppStore|iPhone.ActiveCfg = AppStore|iPhone
		{3FFBFFF8-5560-4EDE-82E5-3FFDFBBA8A50}.AppStore|iPhone.Build.0 = AppStore|iPhone
		{3FFBFFF8-5560-4EDE-82E5-3FFDFBBA8A50}.AppStore|iPhoneSimulator.ActiveCfg = AppStore|iPhoneSimulator
		{3FFBFFF8-5560-4EDE-82E5-3FFDFBBA8A50}.AppStore|iPhoneSimulator.Build.0 = AppStore|iPhoneSimulator
		{3FFBFFF8-5560-4EDE-82E5-3FFDFBBA8A50}.AppStore|Mixed Platforms.ActiveCfg = AppStore|iPhone
		{3FFBFFF8-5560-4EDE-82E5-3FFDFBBA8A50}.AppStore|Mixed Platforms.Build.0 = AppStore|iPhone
		{3FFBFFF8-5560-4EDE-82E5-3FFDFBBA8A50}.Debug|Any CPU.ActiveCfg = Debug|iPhone
		{3FFBFFF8-5560-4EDE-82E5-3FFDFBBA8A50}.Debug|iPhone.ActiveCfg = Debug|iPhone
		{3FFBFFF8-5560-4EDE-82E5-3FFDFBBA8A50}.Debug|iPhone.Build.0 = Debug|iPhone
		{3FFBFFF8-5560-4EDE-82E5-3FFDFBBA8A50}.Debug|iPhoneSimulator.ActiveCfg = Debug|iPhoneSimulator
		{3FFBFFF8-5560-4EDE-82E5-3FFDFBBA8A50}.Debug|iPhoneSimulator.Build.0 = Debug|iPhoneSimulator
		{3FFBFFF8-5560-4EDE-82E5-3FFDFBBA8A50}.Debug|Mixed Platforms.ActiveCfg = Debug|iPhone
		{3FFBFFF8-5560-4EDE-82E5-3FFDFBBA8A50}.Debug|Mixed Platforms.Build.0 = Debug|iPhone
		{3FFBFFF8-5560-4EDE-82E5-3FFDFBBA8A50}.Release|Any CPU.ActiveCfg = Release|iPhone
		{3FFBFFF8-5560-4EDE-82E5-3FFDFBBA8A50}.Release|iPhone.ActiveCfg = Release|iPhone
		{3FFBFFF8-5560-4EDE-82E5-3FFDFBBA8A50}.Release|iPhone.Build.0 = Release|iPhone
		{3FFBFFF8-5560-4EDE-82E5-3FFDFBBA8A50}.Release|iPhoneSimulator.ActiveCfg = Release|iPhoneSimulator
		{3FFBFFF8-5560-4EDE-82E5-3FFDFBBA8A50}.Release|iPhoneSimulator.Build.0 = Release|iPhoneSimulator
		{3FFBFFF8-5560-4EDE-82E5-3FFDFBBA8A50}.Release|Mixed Platforms.ActiveCfg = Release|iPhone
		{3FFBFFF8-5560-4EDE-82E5-3FFDFBBA8A50}.Release|Mixed Platforms.Build.0 = Release|iPhone
		{6D7B9B53-CFEF-46BE-A608-14A4A1381CF6}.Ad-Hoc|Any CPU.ActiveCfg = Release|Any CPU
		{6D7B9B53-CFEF-46BE-A608-14A4A1381CF6}.Ad-Hoc|Any CPU.Build.0 = Release|Any CPU
		{6D7B9B53-CFEF-46BE-A608-14A4A1381CF6}.Ad-Hoc|iPhone.ActiveCfg = Release|Any CPU
		{6D7B9B53-CFEF-46BE-A608-14A4A1381CF6}.Ad-Hoc|iPhoneSimulator.ActiveCfg = Release|Any CPU
		{6D7B9B53-CFEF-46BE-A608-14A4A1381CF6}.Ad-Hoc|Mixed Platforms.ActiveCfg = Release|Any CPU
		{6D7B9B53-CFEF-46BE-A608-14A4A1381CF6}.Ad-Hoc|Mixed Platforms.Build.0 = Release|Any CPU
		{6D7B9B53-CFEF-46BE-A608-14A4A1381CF6}.AppStore|Any CPU.ActiveCfg = Release|Any CPU
		{6D7B9B53-CFEF-46BE-A608-14A4A1381CF6}.AppStore|Any CPU.Build.0 = Release|Any CPU
		{6D7B9B53-CFEF-46BE-A608-14A4A1381CF6}.AppStore|iPhone.ActiveCfg = Release|Any CPU
		{6D7B9B53-CFEF-46BE-A608-14A4A1381CF6}.AppStore|iPhoneSimulator.ActiveCfg = Release|Any CPU
		{6D7B9B53-CFEF-46BE-A608-14A4A1381CF6}.AppStore|Mixed Platforms.ActiveCfg = Release|Any CPU
		{6D7B9B53-CFEF-46BE-A608-14A4A1381CF6}.AppStore|Mixed Platforms.Build.0 = Release|Any CPU
		{6D7B9B53-CFEF-46BE-A608-14A4A1381CF6}.Debug|Any CPU.ActiveCfg = Debug|Any CPU
		{6D7B9B53-CFEF-46BE-A608-14A4A1381CF6}.Debug|Any CPU.Build.0 = Debug|Any CPU
		{6D7B9B53-CFEF-46BE-A608-14A4A1381CF6}.Debug|iPhone.ActiveCfg = Debug|Any CPU
		{6D7B9B53-CFEF-46BE-A608-14A4A1381CF6}.Debug|iPhoneSimulator.ActiveCfg = Debug|Any CPU
		{6D7B9B53-CFEF-46BE-A608-14A4A1381CF6}.Debug|Mixed Platforms.ActiveCfg = Debug|Any CPU
		{6D7B9B53-CFEF-46BE-A608-14A4A1381CF6}.Debug|Mixed Platforms.Build.0 = Debug|Any CPU
		{6D7B9B53-CFEF-46BE-A608-14A4A1381CF6}.Release|Any CPU.ActiveCfg = Release|Any CPU
		{6D7B9B53-CFEF-46BE-A608-14A4A1381CF6}.Release|Any CPU.Build.0 = Release|Any CPU
		{6D7B9B53-CFEF-46BE-A608-14A4A1381CF6}.Release|iPhone.ActiveCfg = Release|Any CPU
		{6D7B9B53-CFEF-46BE-A608-14A4A1381CF6}.Release|iPhoneSimulator.ActiveCfg = Release|Any CPU
		{6D7B9B53-CFEF-46BE-A608-14A4A1381CF6}.Release|Mixed Platforms.ActiveCfg = Release|Any CPU
		{6D7B9B53-CFEF-46BE-A608-14A4A1381CF6}.Release|Mixed Platforms.Build.0 = Release|Any CPU
	EndGlobalSection
	GlobalSection(SolutionProperties) = preSolution
		HideSolutionNode = FALSE
	EndGlobalSection
	GlobalSection(NestedProjects) = preSolution
		{C99FE7E3-0985-48F1-9EBB-91680A795F0F} = {01EDFF90-D8F3-4933-840C-5819A5934A5A}
		{EBBA1BD0-8430-4CC1-B636-B89C505C7D1C} = {01EDFF90-D8F3-4933-840C-5819A5934A5A}
		{5E7E39CA-0CCE-41FE-A868-EE0E567E069E} = {01EDFF90-D8F3-4933-840C-5819A5934A5A}
		{2698B412-26A3-4269-AA01-AC3BC79A0F14} = {01EDFF90-D8F3-4933-840C-5819A5934A5A}
		{89E14828-85BB-4790-9B4E-E44DD4CE000E} = {AB60FAD6-D4E8-45DE-92BD-7D1A64143DB0}
		{3FFBFFF8-5560-4EDE-82E5-3FFDFBBA8A50} = {AB60FAD6-D4E8-45DE-92BD-7D1A64143DB0}
		{6D7B9B53-CFEF-46BE-A608-14A4A1381CF6} = {AB60FAD6-D4E8-45DE-92BD-7D1A64143DB0}
	EndGlobalSection
EndGlobal
