
Microsoft Visual Studio Solution File, Format Version 12.00
# Visual Studio 2012
Project("{FAE04EC0-301F-11D3-BF4B-00C04F79EFBC}") = "CodeHub.Core.iOS", "CodeHub.Core\CodeHub.Core.iOS.csproj", "{3C8DC5D3-37A5-4F65-BF11-A7EB83F5336D}"
EndProject
Project("{FAE04EC0-301F-11D3-BF4B-00C04F79EFBC}") = "CodeHub.Common", "CodeHub.Common\CodeHub.Common.csproj", "{6E1C9E25-915A-4454-8BBD-61E6918BFCF1}"
EndProject
Project("{FAE04EC0-301F-11D3-BF4B-00C04F79EFBC}") = "CodeHub.iOS", "CodeHub.iOS\CodeHub.iOS.csproj", "{B061316A-F386-4FE2-93B7-555584234FF8}"
EndProject
Global
	GlobalSection(SolutionConfigurationPlatforms) = preSolution
		AdHoc|Any CPU = AdHoc|Any CPU
		Ad-Hoc|Any CPU = Ad-Hoc|Any CPU
		AdHoc|iPhone = AdHoc|iPhone
		Ad-Hoc|iPhone = Ad-Hoc|iPhone
		AdHoc|iPhoneSimulator = AdHoc|iPhoneSimulator
		Ad-Hoc|iPhoneSimulator = Ad-Hoc|iPhoneSimulator
		AdHoc|Mixed Platforms = AdHoc|Mixed Platforms
		Ad-Hoc|Mixed Platforms = Ad-Hoc|Mixed Platforms
		AppStore|Any CPU = AppStore|Any CPU
		AppStore|iPhone = AppStore|iPhone
		AppStore|iPhoneSimulator = AppStore|iPhoneSimulator
		AppStore|Mixed Platforms = AppStore|Mixed Platforms
		Debug|Any CPU = Debug|Any CPU
		Debug|iPhone = Debug|iPhone
		Debug|iPhoneSimulator = Debug|iPhoneSimulator
		Debug|Mixed Platforms = Debug|Mixed Platforms
		Release|Any CPU = Release|Any CPU
		Release|iPhone = Release|iPhone
		Release|iPhoneSimulator = Release|iPhoneSimulator
		Release|Mixed Platforms = Release|Mixed Platforms
	EndGlobalSection
	GlobalSection(ProjectConfigurationPlatforms) = postSolution
		{3C8DC5D3-37A5-4F65-BF11-A7EB83F5336D}.AdHoc|Any CPU.ActiveCfg = Release|Any CPU
		{3C8DC5D3-37A5-4F65-BF11-A7EB83F5336D}.Ad-Hoc|Any CPU.ActiveCfg = Release|Any CPU
		{3C8DC5D3-37A5-4F65-BF11-A7EB83F5336D}.AdHoc|Any CPU.Build.0 = Release|Any CPU
		{3C8DC5D3-37A5-4F65-BF11-A7EB83F5336D}.Ad-Hoc|Any CPU.Build.0 = Release|Any CPU
		{3C8DC5D3-37A5-4F65-BF11-A7EB83F5336D}.AdHoc|iPhone.ActiveCfg = Release|Any CPU
		{3C8DC5D3-37A5-4F65-BF11-A7EB83F5336D}.Ad-Hoc|iPhone.ActiveCfg = Release|Any CPU
		{3C8DC5D3-37A5-4F65-BF11-A7EB83F5336D}.AdHoc|iPhoneSimulator.ActiveCfg = Release|Any CPU
		{3C8DC5D3-37A5-4F65-BF11-A7EB83F5336D}.Ad-Hoc|iPhoneSimulator.ActiveCfg = Release|Any CPU
		{3C8DC5D3-37A5-4F65-BF11-A7EB83F5336D}.AdHoc|Mixed Platforms.ActiveCfg = Release|Any CPU
		{3C8DC5D3-37A5-4F65-BF11-A7EB83F5336D}.Ad-Hoc|Mixed Platforms.ActiveCfg = Release|Any CPU
		{3C8DC5D3-37A5-4F65-BF11-A7EB83F5336D}.AdHoc|Mixed Platforms.Build.0 = Release|Any CPU
		{3C8DC5D3-37A5-4F65-BF11-A7EB83F5336D}.Ad-Hoc|Mixed Platforms.Build.0 = Release|Any CPU
		{3C8DC5D3-37A5-4F65-BF11-A7EB83F5336D}.AppStore|Any CPU.ActiveCfg = Release|Any CPU
		{3C8DC5D3-37A5-4F65-BF11-A7EB83F5336D}.AppStore|Any CPU.Build.0 = Release|Any CPU
		{3C8DC5D3-37A5-4F65-BF11-A7EB83F5336D}.AppStore|iPhone.ActiveCfg = Release|Any CPU
		{3C8DC5D3-37A5-4F65-BF11-A7EB83F5336D}.AppStore|iPhoneSimulator.ActiveCfg = Release|Any CPU
		{3C8DC5D3-37A5-4F65-BF11-A7EB83F5336D}.AppStore|Mixed Platforms.ActiveCfg = Release|Any CPU
		{3C8DC5D3-37A5-4F65-BF11-A7EB83F5336D}.AppStore|Mixed Platforms.Build.0 = Release|Any CPU
		{3C8DC5D3-37A5-4F65-BF11-A7EB83F5336D}.Debug|Any CPU.ActiveCfg = Debug|Any CPU
		{3C8DC5D3-37A5-4F65-BF11-A7EB83F5336D}.Debug|Any CPU.Build.0 = Debug|Any CPU
		{3C8DC5D3-37A5-4F65-BF11-A7EB83F5336D}.Debug|iPhone.ActiveCfg = Debug|Any CPU
		{3C8DC5D3-37A5-4F65-BF11-A7EB83F5336D}.Debug|iPhoneSimulator.ActiveCfg = Debug|Any CPU
		{3C8DC5D3-37A5-4F65-BF11-A7EB83F5336D}.Debug|Mixed Platforms.ActiveCfg = Debug|Any CPU
		{3C8DC5D3-37A5-4F65-BF11-A7EB83F5336D}.Debug|Mixed Platforms.Build.0 = Debug|Any CPU
		{3C8DC5D3-37A5-4F65-BF11-A7EB83F5336D}.Release|Any CPU.ActiveCfg = Release|Any CPU
		{3C8DC5D3-37A5-4F65-BF11-A7EB83F5336D}.Release|Any CPU.Build.0 = Release|Any CPU
		{3C8DC5D3-37A5-4F65-BF11-A7EB83F5336D}.Release|iPhone.ActiveCfg = Release|Any CPU
		{3C8DC5D3-37A5-4F65-BF11-A7EB83F5336D}.Release|iPhoneSimulator.ActiveCfg = Release|Any CPU
		{3C8DC5D3-37A5-4F65-BF11-A7EB83F5336D}.Release|Mixed Platforms.ActiveCfg = Release|Any CPU
		{3C8DC5D3-37A5-4F65-BF11-A7EB83F5336D}.Release|Mixed Platforms.Build.0 = Release|Any CPU
		{6E1C9E25-915A-4454-8BBD-61E6918BFCF1}.AdHoc|Any CPU.ActiveCfg = Debug|Any CPU
		{6E1C9E25-915A-4454-8BBD-61E6918BFCF1}.Ad-Hoc|Any CPU.ActiveCfg = Debug|Any CPU
		{6E1C9E25-915A-4454-8BBD-61E6918BFCF1}.AdHoc|Any CPU.Build.0 = Debug|Any CPU
		{6E1C9E25-915A-4454-8BBD-61E6918BFCF1}.Ad-Hoc|Any CPU.Build.0 = Debug|Any CPU
		{6E1C9E25-915A-4454-8BBD-61E6918BFCF1}.AdHoc|iPhone.ActiveCfg = Debug|Any CPU
		{6E1C9E25-915A-4454-8BBD-61E6918BFCF1}.Ad-Hoc|iPhone.ActiveCfg = Debug|Any CPU
		{6E1C9E25-915A-4454-8BBD-61E6918BFCF1}.AdHoc|iPhone.Build.0 = Debug|Any CPU
		{6E1C9E25-915A-4454-8BBD-61E6918BFCF1}.Ad-Hoc|iPhone.Build.0 = Debug|Any CPU
		{6E1C9E25-915A-4454-8BBD-61E6918BFCF1}.AdHoc|iPhoneSimulator.ActiveCfg = Debug|Any CPU
		{6E1C9E25-915A-4454-8BBD-61E6918BFCF1}.Ad-Hoc|iPhoneSimulator.ActiveCfg = Debug|Any CPU
		{6E1C9E25-915A-4454-8BBD-61E6918BFCF1}.AdHoc|iPhoneSimulator.Build.0 = Debug|Any CPU
		{6E1C9E25-915A-4454-8BBD-61E6918BFCF1}.Ad-Hoc|iPhoneSimulator.Build.0 = Debug|Any CPU
		{6E1C9E25-915A-4454-8BBD-61E6918BFCF1}.AdHoc|Mixed Platforms.ActiveCfg = Debug|Any CPU
		{6E1C9E25-915A-4454-8BBD-61E6918BFCF1}.Ad-Hoc|Mixed Platforms.ActiveCfg = Debug|Any CPU
		{6E1C9E25-915A-4454-8BBD-61E6918BFCF1}.AdHoc|Mixed Platforms.Build.0 = Debug|Any CPU
		{6E1C9E25-915A-4454-8BBD-61E6918BFCF1}.Ad-Hoc|Mixed Platforms.Build.0 = Debug|Any CPU
		{6E1C9E25-915A-4454-8BBD-61E6918BFCF1}.AppStore|Any CPU.ActiveCfg = Debug|Any CPU
		{6E1C9E25-915A-4454-8BBD-61E6918BFCF1}.AppStore|Any CPU.Build.0 = Debug|Any CPU
		{6E1C9E25-915A-4454-8BBD-61E6918BFCF1}.AppStore|iPhone.ActiveCfg = Release|Any CPU
		{6E1C9E25-915A-4454-8BBD-61E6918BFCF1}.AppStore|iPhone.Build.0 = Release|Any CPU
		{6E1C9E25-915A-4454-8BBD-61E6918BFCF1}.AppStore|iPhoneSimulator.ActiveCfg = Debug|Any CPU
		{6E1C9E25-915A-4454-8BBD-61E6918BFCF1}.AppStore|iPhoneSimulator.Build.0 = Debug|Any CPU
		{6E1C9E25-915A-4454-8BBD-61E6918BFCF1}.AppStore|Mixed Platforms.ActiveCfg = Debug|Any CPU
		{6E1C9E25-915A-4454-8BBD-61E6918BFCF1}.AppStore|Mixed Platforms.Build.0 = Debug|Any CPU
		{6E1C9E25-915A-4454-8BBD-61E6918BFCF1}.Debug|Any CPU.ActiveCfg = Debug|Any CPU
		{6E1C9E25-915A-4454-8BBD-61E6918BFCF1}.Debug|Any CPU.Build.0 = Debug|Any CPU
		{6E1C9E25-915A-4454-8BBD-61E6918BFCF1}.Debug|iPhone.ActiveCfg = Debug|Any CPU
		{6E1C9E25-915A-4454-8BBD-61E6918BFCF1}.Debug|iPhone.Build.0 = Debug|Any CPU
		{6E1C9E25-915A-4454-8BBD-61E6918BFCF1}.Debug|iPhoneSimulator.ActiveCfg = Debug|Any CPU
		{6E1C9E25-915A-4454-8BBD-61E6918BFCF1}.Debug|iPhoneSimulator.Build.0 = Debug|Any CPU
		{6E1C9E25-915A-4454-8BBD-61E6918BFCF1}.Debug|Mixed Platforms.ActiveCfg = Debug|Any CPU
		{6E1C9E25-915A-4454-8BBD-61E6918BFCF1}.Debug|Mixed Platforms.Build.0 = Debug|Any CPU
		{6E1C9E25-915A-4454-8BBD-61E6918BFCF1}.Release|Any CPU.ActiveCfg = Release|Any CPU
		{6E1C9E25-915A-4454-8BBD-61E6918BFCF1}.Release|Any CPU.Build.0 = Release|Any CPU
		{6E1C9E25-915A-4454-8BBD-61E6918BFCF1}.Release|iPhone.ActiveCfg = Release|Any CPU
		{6E1C9E25-915A-4454-8BBD-61E6918BFCF1}.Release|iPhone.Build.0 = Release|Any CPU
		{6E1C9E25-915A-4454-8BBD-61E6918BFCF1}.Release|iPhoneSimulator.ActiveCfg = Release|Any CPU
		{6E1C9E25-915A-4454-8BBD-61E6918BFCF1}.Release|iPhoneSimulator.Build.0 = Release|Any CPU
		{6E1C9E25-915A-4454-8BBD-61E6918BFCF1}.Release|Mixed Platforms.ActiveCfg = Release|Any CPU
		{6E1C9E25-915A-4454-8BBD-61E6918BFCF1}.Release|Mixed Platforms.Build.0 = Release|Any CPU
		{B061316A-F386-4FE2-93B7-555584234FF8}.Ad-Hoc|Any CPU.ActiveCfg = Ad-Hoc|iPhone
		{B061316A-F386-4FE2-93B7-555584234FF8}.AdHoc|Any CPU.ActiveCfg = Debug|iPhoneSimulator
		{B061316A-F386-4FE2-93B7-555584234FF8}.Ad-Hoc|Any CPU.Build.0 = Ad-Hoc|iPhone
		{B061316A-F386-4FE2-93B7-555584234FF8}.AdHoc|Any CPU.Build.0 = Debug|iPhoneSimulator
		{B061316A-F386-4FE2-93B7-555584234FF8}.Ad-Hoc|iPhone.ActiveCfg = Ad-Hoc|iPhone
		{B061316A-F386-4FE2-93B7-555584234FF8}.AdHoc|iPhone.ActiveCfg = Debug|iPhone
		{B061316A-F386-4FE2-93B7-555584234FF8}.Ad-Hoc|iPhone.Build.0 = Ad-Hoc|iPhone
		{B061316A-F386-4FE2-93B7-555584234FF8}.AdHoc|iPhone.Build.0 = Debug|iPhone
		{B061316A-F386-4FE2-93B7-555584234FF8}.AdHoc|iPhoneSimulator.ActiveCfg = Debug|iPhoneSimulator
		{B061316A-F386-4FE2-93B7-555584234FF8}.Ad-Hoc|iPhoneSimulator.ActiveCfg = Debug|iPhoneSimulator
		{B061316A-F386-4FE2-93B7-555584234FF8}.AdHoc|iPhoneSimulator.Build.0 = Debug|iPhoneSimulator
		{B061316A-F386-4FE2-93B7-555584234FF8}.Ad-Hoc|iPhoneSimulator.Build.0 = Debug|iPhoneSimulator
		{B061316A-F386-4FE2-93B7-555584234FF8}.Ad-Hoc|Mixed Platforms.ActiveCfg = Ad-Hoc|iPhone
		{B061316A-F386-4FE2-93B7-555584234FF8}.AdHoc|Mixed Platforms.ActiveCfg = Debug|iPhoneSimulator
		{B061316A-F386-4FE2-93B7-555584234FF8}.Ad-Hoc|Mixed Platforms.Build.0 = Ad-Hoc|iPhone
		{B061316A-F386-4FE2-93B7-555584234FF8}.AdHoc|Mixed Platforms.Build.0 = Debug|iPhoneSimulator
		{B061316A-F386-4FE2-93B7-555584234FF8}.AppStore|Any CPU.ActiveCfg = AppStore|iPhone
		{B061316A-F386-4FE2-93B7-555584234FF8}.AppStore|Any CPU.Build.0 = AppStore|iPhone
		{B061316A-F386-4FE2-93B7-555584234FF8}.AppStore|iPhone.ActiveCfg = AppStore|iPhone
		{B061316A-F386-4FE2-93B7-555584234FF8}.AppStore|iPhone.Build.0 = AppStore|iPhone
		{B061316A-F386-4FE2-93B7-555584234FF8}.AppStore|iPhoneSimulator.ActiveCfg = Debug|iPhoneSimulator
		{B061316A-F386-4FE2-93B7-555584234FF8}.AppStore|iPhoneSimulator.Build.0 = Debug|iPhoneSimulator
		{B061316A-F386-4FE2-93B7-555584234FF8}.AppStore|Mixed Platforms.ActiveCfg = AppStore|iPhone
		{B061316A-F386-4FE2-93B7-555584234FF8}.AppStore|Mixed Platforms.Build.0 = AppStore|iPhone
		{B061316A-F386-4FE2-93B7-555584234FF8}.Debug|Any CPU.ActiveCfg = Debug|iPhoneSimulator
		{B061316A-F386-4FE2-93B7-555584234FF8}.Debug|Any CPU.Build.0 = Debug|iPhoneSimulator
		{B061316A-F386-4FE2-93B7-555584234FF8}.Debug|iPhone.ActiveCfg = Debug|iPhone
		{B061316A-F386-4FE2-93B7-555584234FF8}.Debug|iPhone.Build.0 = Debug|iPhone
		{B061316A-F386-4FE2-93B7-555584234FF8}.Debug|iPhoneSimulator.ActiveCfg = Debug|iPhoneSimulator
		{B061316A-F386-4FE2-93B7-555584234FF8}.Debug|iPhoneSimulator.Build.0 = Debug|iPhoneSimulator
		{B061316A-F386-4FE2-93B7-555584234FF8}.Debug|Mixed Platforms.ActiveCfg = Debug|iPhoneSimulator
		{B061316A-F386-4FE2-93B7-555584234FF8}.Debug|Mixed Platforms.Build.0 = Debug|iPhoneSimulator
		{B061316A-F386-4FE2-93B7-555584234FF8}.Release|Any CPU.ActiveCfg = Release|iPhoneSimulator
		{B061316A-F386-4FE2-93B7-555584234FF8}.Release|Any CPU.Build.0 = Release|iPhoneSimulator
		{B061316A-F386-4FE2-93B7-555584234FF8}.Release|iPhone.ActiveCfg = Release|iPhone
		{B061316A-F386-4FE2-93B7-555584234FF8}.Release|iPhone.Build.0 = Release|iPhone
		{B061316A-F386-4FE2-93B7-555584234FF8}.Release|iPhoneSimulator.ActiveCfg = Release|iPhoneSimulator
		{B061316A-F386-4FE2-93B7-555584234FF8}.Release|iPhoneSimulator.Build.0 = Release|iPhoneSimulator
		{B061316A-F386-4FE2-93B7-555584234FF8}.Release|Mixed Platforms.ActiveCfg = Release|iPhoneSimulator
		{B061316A-F386-4FE2-93B7-555584234FF8}.Release|Mixed Platforms.Build.0 = Release|iPhoneSimulator
		{B061316A-F386-4FE2-93B7-555584234FF8}.AdHoc|Any CPU.ActiveCfg = Ad-Hoc|iPhoneSimulator
		{B061316A-F386-4FE2-93B7-555584234FF8}.Ad-Hoc|Any CPU.ActiveCfg = Debug|iPhoneSimulator
		{B061316A-F386-4FE2-93B7-555584234FF8}.Ad-Hoc|Any CPU.Build.0 = Debug|iPhoneSimulator
		{B061316A-F386-4FE2-93B7-555584234FF8}.Ad-Hoc|iPhone.ActiveCfg = Ad-Hoc|iPhone
		{B061316A-F386-4FE2-93B7-555584234FF8}.AdHoc|iPhone.ActiveCfg = Debug|iPhoneSimulator
		{B061316A-F386-4FE2-93B7-555584234FF8}.Ad-Hoc|iPhone.Build.0 = Ad-Hoc|iPhone
		{B061316A-F386-4FE2-93B7-555584234FF8}.AdHoc|iPhone.Build.0 = Debug|iPhoneSimulator
		{B061316A-F386-4FE2-93B7-555584234FF8}.AdHoc|iPhoneSimulator.ActiveCfg = Debug|iPhoneSimulator
		{B061316A-F386-4FE2-93B7-555584234FF8}.Ad-Hoc|iPhoneSimulator.ActiveCfg = Debug|iPhoneSimulator
		{B061316A-F386-4FE2-93B7-555584234FF8}.AdHoc|iPhoneSimulator.Build.0 = Debug|iPhoneSimulator
		{B061316A-F386-4FE2-93B7-555584234FF8}.Ad-Hoc|iPhoneSimulator.Build.0 = Debug|iPhoneSimulator
		{B061316A-F386-4FE2-93B7-555584234FF8}.AdHoc|Mixed Platforms.ActiveCfg = Ad-Hoc|iPhoneSimulator
		{B061316A-F386-4FE2-93B7-555584234FF8}.Ad-Hoc|Mixed Platforms.ActiveCfg = Debug|iPhoneSimulator
		{B061316A-F386-4FE2-93B7-555584234FF8}.AdHoc|Mixed Platforms.Build.0 = Ad-Hoc|iPhoneSimulator
		{B061316A-F386-4FE2-93B7-555584234FF8}.Ad-Hoc|Mixed Platforms.Build.0 = Debug|iPhoneSimulator
		{B061316A-F386-4FE2-93B7-555584234FF8}.AppStore|Any CPU.ActiveCfg = Debug|iPhoneSimulator
		{B061316A-F386-4FE2-93B7-555584234FF8}.AppStore|Any CPU.Build.0 = Debug|iPhoneSimulator
		{B061316A-F386-4FE2-93B7-555584234FF8}.AppStore|iPhone.ActiveCfg = AppStore|iPhone
		{B061316A-F386-4FE2-93B7-555584234FF8}.AppStore|iPhone.Build.0 = AppStore|iPhone
		{B061316A-F386-4FE2-93B7-555584234FF8}.AppStore|iPhoneSimulator.ActiveCfg = Debug|iPhoneSimulator
		{B061316A-F386-4FE2-93B7-555584234FF8}.AppStore|iPhoneSimulator.Build.0 = Debug|iPhoneSimulator
		{B061316A-F386-4FE2-93B7-555584234FF8}.AppStore|Mixed Platforms.ActiveCfg = Debug|iPhoneSimulator
		{B061316A-F386-4FE2-93B7-555584234FF8}.AppStore|Mixed Platforms.Build.0 = Debug|iPhoneSimulator
		{B061316A-F386-4FE2-93B7-555584234FF8}.Debug|Any CPU.ActiveCfg = Debug|iPhoneSimulator
		{B061316A-F386-4FE2-93B7-555584234FF8}.Debug|Any CPU.Build.0 = Debug|iPhoneSimulator
		{B061316A-F386-4FE2-93B7-555584234FF8}.Debug|iPhone.ActiveCfg = Debug|iPhone
		{B061316A-F386-4FE2-93B7-555584234FF8}.Debug|iPhone.Build.0 = Debug|iPhone
		{B061316A-F386-4FE2-93B7-555584234FF8}.Debug|iPhoneSimulator.ActiveCfg = Debug|iPhoneSimulator
		{B061316A-F386-4FE2-93B7-555584234FF8}.Debug|iPhoneSimulator.Build.0 = Debug|iPhoneSimulator
		{B061316A-F386-4FE2-93B7-555584234FF8}.Debug|Mixed Platforms.ActiveCfg = Debug|iPhoneSimulator
		{B061316A-F386-4FE2-93B7-555584234FF8}.Debug|Mixed Platforms.Build.0 = Debug|iPhoneSimulator
		{B061316A-F386-4FE2-93B7-555584234FF8}.Release|Any CPU.ActiveCfg = Debug|iPhoneSimulator
		{B061316A-F386-4FE2-93B7-555584234FF8}.Release|Any CPU.Build.0 = Debug|iPhoneSimulator
		{B061316A-F386-4FE2-93B7-555584234FF8}.Release|iPhone.ActiveCfg = Release|iPhone
		{B061316A-F386-4FE2-93B7-555584234FF8}.Release|iPhone.Build.0 = Release|iPhone
		{B061316A-F386-4FE2-93B7-555584234FF8}.Release|iPhoneSimulator.ActiveCfg = Release|iPhoneSimulator
		{B061316A-F386-4FE2-93B7-555584234FF8}.Release|iPhoneSimulator.Build.0 = Release|iPhoneSimulator
		{B061316A-F386-4FE2-93B7-555584234FF8}.Release|Mixed Platforms.ActiveCfg = Debug|iPhoneSimulator
		{B061316A-F386-4FE2-93B7-555584234FF8}.Release|Mixed Platforms.Build.0 = Debug|iPhoneSimulator
	EndGlobalSection
	GlobalSection(MonoDevelopProperties) = preSolution
		StartupItem = CodeHub.Core\CodeHub.Core.iOS.csproj
		Policies = $0
		$0.DotNetNamingPolicy = $1
		$1.DirectoryNamespaceAssociation = PrefixedHierarchical
		$1.ResourceNamePolicy = FileFormatDefault
		$0.TextStylePolicy = $2
		$2.FileWidth = 120
		$2.TabsToSpaces = False
		$2.inheritsSet = VisualStudio
		$2.inheritsScope = text/plain
	EndGlobalSection
	GlobalSection(SolutionProperties) = preSolution
		HideSolutionNode = FALSE
	EndGlobalSection
EndGlobal
