
Microsoft Visual Studio Solution File, Format Version 12.00
# Visual Studio 2012
Project("{FAE04EC0-301F-11D3-BF4B-00C04F79EFBC}") = "CodeHub.Android", "CodeHub.Android\CodeHub.Android.csproj", "{09857459-B522-4110-B607-70F2D344DA3E}"
EndProject
Project("{FAE04EC0-301F-11D3-BF4B-00C04F79EFBC}") = "CodeHub", "CodeHub\CodeHub.csproj", "{A15D4EEA-D5AD-4402-BE88-EB4916C95323}"
EndProject
Project("{FAE04EC0-301F-11D3-BF4B-00C04F79EFBC}") = "CodeHub.Core", "CodeHub.Core\CodeHub.Core.csproj", "{91E8096D-0CDC-44D4-85B9-D44D9990A847}"
EndProject
Global
	GlobalSection(SolutionConfigurationPlatforms) = preSolution
		Debug|Any CPU = Debug|Any CPU
		Release|Any CPU = Release|Any CPU
	EndGlobalSection
	GlobalSection(ProjectConfigurationPlatforms) = postSolution
		{09857459-B522-4110-B607-70F2D344DA3E}.Debug|Any CPU.ActiveCfg = Debug|Any CPU
		{09857459-B522-4110-B607-70F2D344DA3E}.Debug|Any CPU.Build.0 = Debug|Any CPU
		{09857459-B522-4110-B607-70F2D344DA3E}.Debug|Any CPU.Deploy.0 = Debug|Any CPU
		{09857459-B522-4110-B607-70F2D344DA3E}.Release|Any CPU.ActiveCfg = Release|Any CPU
		{09857459-B522-4110-B607-70F2D344DA3E}.Release|Any CPU.Build.0 = Release|Any CPU
		{09857459-B522-4110-B607-70F2D344DA3E}.Release|Any CPU.Deploy.0 = Release|Any CPU
		{91E8096D-0CDC-44D4-85B9-D44D9990A847}.Debug|Any CPU.ActiveCfg = Debug|Any CPU
		{91E8096D-0CDC-44D4-85B9-D44D9990A847}.Debug|Any CPU.Build.0 = Debug|Any CPU
		{91E8096D-0CDC-44D4-85B9-D44D9990A847}.Release|Any CPU.ActiveCfg = Release|Any CPU
		{91E8096D-0CDC-44D4-85B9-D44D9990A847}.Release|Any CPU.Build.0 = Release|Any CPU
		{A15D4EEA-D5AD-4402-BE88-EB4916C95323}.Debug|Any CPU.ActiveCfg = Debug|Any CPU
		{A15D4EEA-D5AD-4402-BE88-EB4916C95323}.Debug|Any CPU.Build.0 = Debug|Any CPU
		{A15D4EEA-D5AD-4402-BE88-EB4916C95323}.Release|Any CPU.ActiveCfg = Release|Any CPU
		{A15D4EEA-D5AD-4402-BE88-EB4916C95323}.Release|Any CPU.Build.0 = Release|Any CPU
	EndGlobalSection
	GlobalSection(SolutionProperties) = preSolution
		HideSolutionNode = FALSE
	EndGlobalSection
EndGlobal
