
Microsoft Visual Studio Solution File, Format Version 12.00
# Visual Studio 2012
Project("{FAE04EC0-301F-11D3-BF4B-00C04F79EFBC}") = "CodeHub.iOS", "CodeHub.iOS\CodeHub.iOS.csproj", "{B061316A-F386-4FE2-93B7-555584234FF8}"
EndProject
Project("{FAE04EC0-301F-11D3-BF4B-00C04F79EFBC}") = "CodeHub.Core", "CodeHub.Core\CodeHub.Core.csproj", "{91E8096D-0CDC-44D4-85B9-D44D9990A847}"
EndProject
Global
	GlobalSection(SolutionConfigurationPlatforms) = preSolution
		AdHoc|Any CPU = AdHoc|Any CPU
		Ad-Hoc|Any CPU = Ad-Hoc|Any CPU
		AdHoc|iPhone = AdHoc|iPhone
		Ad-Hoc|iPhone = Ad-Hoc|iPhone
		AdHoc|iPhoneSimulator = AdHoc|iPhoneSimulator
		Ad-Hoc|iPhoneSimulator = Ad-Hoc|iPhoneSimulator
		AdHoc|Mixed Platforms = AdHoc|Mixed Platforms
		Ad-Hoc|Mixed Platforms = Ad-Hoc|Mixed Platforms
		AppStore|Any CPU = AppStore|Any CPU
		AppStore|iPhone = AppStore|iPhone
		AppStore|iPhoneSimulator = AppStore|iPhoneSimulator
		AppStore|Mixed Platforms = AppStore|Mixed Platforms
		Debug|Any CPU = Debug|Any CPU
		Debug|iPhone = Debug|iPhone
		Debug|iPhoneSimulator = Debug|iPhoneSimulator
		Debug|Mixed Platforms = Debug|Mixed Platforms
		Release|Any CPU = Release|Any CPU
		Release|iPhone = Release|iPhone
		Release|iPhoneSimulator = Release|iPhoneSimulator
		Release|Mixed Platforms = Release|Mixed Platforms
	EndGlobalSection
	GlobalSection(ProjectConfigurationPlatforms) = postSolution
		{91E8096D-0CDC-44D4-85B9-D44D9990A847}.AdHoc|Any CPU.ActiveCfg = Debug|Any CPU
		{91E8096D-0CDC-44D4-85B9-D44D9990A847}.Ad-Hoc|Any CPU.ActiveCfg = Debug|Any CPU
		{91E8096D-0CDC-44D4-85B9-D44D9990A847}.AdHoc|Any CPU.Build.0 = Debug|Any CPU
		{91E8096D-0CDC-44D4-85B9-D44D9990A847}.Ad-Hoc|Any CPU.Build.0 = Debug|Any CPU
		{91E8096D-0CDC-44D4-85B9-D44D9990A847}.AdHoc|iPhone.ActiveCfg = Debug|Any CPU
		{91E8096D-0CDC-44D4-85B9-D44D9990A847}.Ad-Hoc|iPhone.ActiveCfg = Debug|Any CPU
		{91E8096D-0CDC-44D4-85B9-D44D9990A847}.AdHoc|iPhone.Build.0 = Debug|Any CPU
		{91E8096D-0CDC-44D4-85B9-D44D9990A847}.Ad-Hoc|iPhone.Build.0 = Debug|Any CPU
		{91E8096D-0CDC-44D4-85B9-D44D9990A847}.AdHoc|iPhoneSimulator.ActiveCfg = Debug|Any CPU
		{91E8096D-0CDC-44D4-85B9-D44D9990A847}.Ad-Hoc|iPhoneSimulator.ActiveCfg = Debug|Any CPU
		{91E8096D-0CDC-44D4-85B9-D44D9990A847}.AdHoc|iPhoneSimulator.Build.0 = Debug|Any CPU
		{91E8096D-0CDC-44D4-85B9-D44D9990A847}.Ad-Hoc|iPhoneSimulator.Build.0 = Debug|Any CPU
		{91E8096D-0CDC-44D4-85B9-D44D9990A847}.AdHoc|Mixed Platforms.ActiveCfg = Debug|Any CPU
		{91E8096D-0CDC-44D4-85B9-D44D9990A847}.Ad-Hoc|Mixed Platforms.ActiveCfg = Debug|Any CPU
		{91E8096D-0CDC-44D4-85B9-D44D9990A847}.AdHoc|Mixed Platforms.Build.0 = Debug|Any CPU
		{91E8096D-0CDC-44D4-85B9-D44D9990A847}.Ad-Hoc|Mixed Platforms.Build.0 = Debug|Any CPU
		{91E8096D-0CDC-44D4-85B9-D44D9990A847}.AppStore|Any CPU.ActiveCfg = Debug|Any CPU
		{91E8096D-0CDC-44D4-85B9-D44D9990A847}.AppStore|Any CPU.Build.0 = Debug|Any CPU
		{91E8096D-0CDC-44D4-85B9-D44D9990A847}.AppStore|iPhone.ActiveCfg = Release|Any CPU
		{91E8096D-0CDC-44D4-85B9-D44D9990A847}.AppStore|iPhone.Build.0 = Release|Any CPU
		{91E8096D-0CDC-44D4-85B9-D44D9990A847}.AppStore|iPhoneSimulator.ActiveCfg = Debug|Any CPU
		{91E8096D-0CDC-44D4-85B9-D44D9990A847}.AppStore|iPhoneSimulator.Build.0 = Debug|Any CPU
		{91E8096D-0CDC-44D4-85B9-D44D9990A847}.AppStore|Mixed Platforms.ActiveCfg = Debug|Any CPU
		{91E8096D-0CDC-44D4-85B9-D44D9990A847}.AppStore|Mixed Platforms.Build.0 = Debug|Any CPU
		{91E8096D-0CDC-44D4-85B9-D44D9990A847}.Debug|Any CPU.ActiveCfg = Debug|Any CPU
		{91E8096D-0CDC-44D4-85B9-D44D9990A847}.Debug|Any CPU.Build.0 = Debug|Any CPU
		{91E8096D-0CDC-44D4-85B9-D44D9990A847}.Debug|iPhone.ActiveCfg = Debug|Any CPU
		{91E8096D-0CDC-44D4-85B9-D44D9990A847}.Debug|iPhone.Build.0 = Debug|Any CPU
		{91E8096D-0CDC-44D4-85B9-D44D9990A847}.Debug|iPhoneSimulator.ActiveCfg = Debug|Any CPU
		{91E8096D-0CDC-44D4-85B9-D44D9990A847}.Debug|iPhoneSimulator.Build.0 = Debug|Any CPU
		{91E8096D-0CDC-44D4-85B9-D44D9990A847}.Debug|Mixed Platforms.ActiveCfg = Debug|Any CPU
		{91E8096D-0CDC-44D4-85B9-D44D9990A847}.Debug|Mixed Platforms.Build.0 = Debug|Any CPU
		{91E8096D-0CDC-44D4-85B9-D44D9990A847}.Release|Any CPU.ActiveCfg = Release|Any CPU
		{91E8096D-0CDC-44D4-85B9-D44D9990A847}.Release|Any CPU.Build.0 = Release|Any CPU
		{91E8096D-0CDC-44D4-85B9-D44D9990A847}.Release|iPhone.ActiveCfg = Release|Any CPU
		{91E8096D-0CDC-44D4-85B9-D44D9990A847}.Release|iPhone.Build.0 = Release|Any CPU
		{91E8096D-0CDC-44D4-85B9-D44D9990A847}.Release|iPhoneSimulator.ActiveCfg = Release|Any CPU
		{91E8096D-0CDC-44D4-85B9-D44D9990A847}.Release|iPhoneSimulator.Build.0 = Release|Any CPU
		{91E8096D-0CDC-44D4-85B9-D44D9990A847}.Release|Mixed Platforms.ActiveCfg = Release|Any CPU
		{91E8096D-0CDC-44D4-85B9-D44D9990A847}.Release|Mixed Platforms.Build.0 = Release|Any CPU
		{B061316A-F386-4FE2-93B7-555584234FF8}.AdHoc|Any CPU.ActiveCfg = Ad-Hoc|iPhoneSimulator
		{B061316A-F386-4FE2-93B7-555584234FF8}.Ad-Hoc|Any CPU.ActiveCfg = Debug|iPhoneSimulator
		{B061316A-F386-4FE2-93B7-555584234FF8}.AdHoc|Any CPU.Build.0 = Ad-Hoc|iPhoneSimulator
		{B061316A-F386-4FE2-93B7-555584234FF8}.Ad-Hoc|Any CPU.Build.0 = Debug|iPhoneSimulator
		{B061316A-F386-4FE2-93B7-555584234FF8}.Ad-Hoc|iPhone.ActiveCfg = Ad-Hoc|iPhone
		{B061316A-F386-4FE2-93B7-555584234FF8}.AdHoc|iPhone.ActiveCfg = Debug|iPhoneSimulator
		{B061316A-F386-4FE2-93B7-555584234FF8}.Ad-Hoc|iPhone.Build.0 = Ad-Hoc|iPhone
		{B061316A-F386-4FE2-93B7-555584234FF8}.AdHoc|iPhone.Build.0 = Debug|iPhoneSimulator
		{B061316A-F386-4FE2-93B7-555584234FF8}.AdHoc|iPhoneSimulator.ActiveCfg = Debug|iPhoneSimulator
		{B061316A-F386-4FE2-93B7-555584234FF8}.Ad-Hoc|iPhoneSimulator.ActiveCfg = Debug|iPhoneSimulator
		{B061316A-F386-4FE2-93B7-555584234FF8}.AdHoc|iPhoneSimulator.Build.0 = Debug|iPhoneSimulator
		{B061316A-F386-4FE2-93B7-555584234FF8}.Ad-Hoc|iPhoneSimulator.Build.0 = Debug|iPhoneSimulator
		{B061316A-F386-4FE2-93B7-555584234FF8}.AdHoc|Mixed Platforms.ActiveCfg = Ad-Hoc|iPhoneSimulator
		{B061316A-F386-4FE2-93B7-555584234FF8}.Ad-Hoc|Mixed Platforms.ActiveCfg = Debug|iPhoneSimulator
		{B061316A-F386-4FE2-93B7-555584234FF8}.AdHoc|Mixed Platforms.Build.0 = Ad-Hoc|iPhoneSimulator
		{B061316A-F386-4FE2-93B7-555584234FF8}.Ad-Hoc|Mixed Platforms.Build.0 = Debug|iPhoneSimulator
		{B061316A-F386-4FE2-93B7-555584234FF8}.AppStore|Any CPU.ActiveCfg = Debug|iPhoneSimulator
		{B061316A-F386-4FE2-93B7-555584234FF8}.AppStore|Any CPU.Build.0 = Debug|iPhoneSimulator
		{B061316A-F386-4FE2-93B7-555584234FF8}.AppStore|iPhone.ActiveCfg = AppStore|iPhone
		{B061316A-F386-4FE2-93B7-555584234FF8}.AppStore|iPhone.Build.0 = AppStore|iPhone
		{B061316A-F386-4FE2-93B7-555584234FF8}.AppStore|iPhoneSimulator.ActiveCfg = Debug|iPhoneSimulator
		{B061316A-F386-4FE2-93B7-555584234FF8}.AppStore|iPhoneSimulator.Build.0 = Debug|iPhoneSimulator
		{B061316A-F386-4FE2-93B7-555584234FF8}.AppStore|Mixed Platforms.ActiveCfg = Debug|iPhoneSimulator
		{B061316A-F386-4FE2-93B7-555584234FF8}.AppStore|Mixed Platforms.Build.0 = Debug|iPhoneSimulator
		{B061316A-F386-4FE2-93B7-555584234FF8}.Debug|Any CPU.ActiveCfg = Debug|iPhoneSimulator
		{B061316A-F386-4FE2-93B7-555584234FF8}.Debug|Any CPU.Build.0 = Debug|iPhoneSimulator
		{B061316A-F386-4FE2-93B7-555584234FF8}.Debug|iPhone.ActiveCfg = Debug|iPhone
		{B061316A-F386-4FE2-93B7-555584234FF8}.Debug|iPhone.Build.0 = Debug|iPhone
		{B061316A-F386-4FE2-93B7-555584234FF8}.Debug|iPhoneSimulator.ActiveCfg = Debug|iPhoneSimulator
		{B061316A-F386-4FE2-93B7-555584234FF8}.Debug|iPhoneSimulator.Build.0 = Debug|iPhoneSimulator
		{B061316A-F386-4FE2-93B7-555584234FF8}.Debug|iPhoneSimulator.Deploy.0 = Debug|iPhoneSimulator
		{B061316A-F386-4FE2-93B7-555584234FF8}.Debug|Mixed Platforms.ActiveCfg = Debug|iPhoneSimulator
		{B061316A-F386-4FE2-93B7-555584234FF8}.Debug|Mixed Platforms.Build.0 = Debug|iPhoneSimulator
		{B061316A-F386-4FE2-93B7-555584234FF8}.Debug|Mixed Platforms.Deploy.0 = Debug|iPhoneSimulator
		{B061316A-F386-4FE2-93B7-555584234FF8}.Release|Any CPU.ActiveCfg = Debug|iPhoneSimulator
		{B061316A-F386-4FE2-93B7-555584234FF8}.Release|Any CPU.Build.0 = Debug|iPhoneSimulator
		{B061316A-F386-4FE2-93B7-555584234FF8}.Release|iPhone.ActiveCfg = Release|iPhone
		{B061316A-F386-4FE2-93B7-555584234FF8}.Release|iPhone.Build.0 = Release|iPhone
		{B061316A-F386-4FE2-93B7-555584234FF8}.Release|iPhoneSimulator.ActiveCfg = Release|iPhoneSimulator
		{B061316A-F386-4FE2-93B7-555584234FF8}.Release|iPhoneSimulator.Build.0 = Release|iPhoneSimulator
		{B061316A-F386-4FE2-93B7-555584234FF8}.Release|Mixed Platforms.ActiveCfg = Debug|iPhoneSimulator
		{B061316A-F386-4FE2-93B7-555584234FF8}.Release|Mixed Platforms.Build.0 = Debug|iPhoneSimulator
	EndGlobalSection
	GlobalSection(MonoDevelopProperties) = preSolution
		StartupItem = CodeHub.iOS\CodeHub.iOS.csproj
		Policies = $0
		$0.DotNetNamingPolicy = $1
		$1.DirectoryNamespaceAssociation = PrefixedHierarchical
		$1.ResourceNamePolicy = FileFormatDefault
		$0.TextStylePolicy = $2
		$2.FileWidth = 120
		$2.TabsToSpaces = False
		$2.inheritsSet = VisualStudio
		$2.inheritsScope = text/plain
	EndGlobalSection
	GlobalSection(SolutionProperties) = preSolution
		HideSolutionNode = FALSE
	EndGlobalSection
EndGlobal
