
Microsoft Visual Studio Solution File, Format Version 12.00
# Visual Studio 2012
Project("{FAE04EC0-301F-11D3-BF4B-00C04F79EFBC}") = "CodeHub.Core.iOS", "CodeHub.Core.iOS.csproj", "{B7970173-9022-466B-B57A-7AB1E1F3145F}"
EndProject
Project("{FAE04EC0-301F-11D3-BF4B-00C04F79EFBC}") = "CodeFramework.Core.iOS", "..\lib\CodeFramework\CodeFramework.Core\CodeFramework.Core.iOS.csproj", "{C99FE7E3-0985-48F1-9EBB-91680A795F0F}"
EndProject
Project("{FAE04EC0-301F-11D3-BF4B-00C04F79EFBC}") = "GitHubSharp.MonoTouch", "..\lib\GitHubSharp\GitHubSharp.MonoTouch.csproj", "{89E14828-85BB-4790-9B4E-E44DD4CE000E}"
EndProject
Global
	GlobalSection(SolutionConfigurationPlatforms) = preSolution
		Debug|Any CPU = Debug|Any CPU
		Release|Any CPU = Release|Any CPU
	EndGlobalSection
	GlobalSection(ProjectConfigurationPlatforms) = postSolution
		{B7970173-9022-466B-B57A-7AB1E1F3145F}.Debug|Any CPU.ActiveCfg = Debug|Any CPU
		{B7970173-9022-466B-B57A-7AB1E1F3145F}.Debug|Any CPU.Build.0 = Debug|Any CPU
		{B7970173-9022-466B-B57A-7AB1E1F3145F}.Release|Any CPU.ActiveCfg = Release|Any CPU
		{B7970173-9022-466B-B57A-7AB1E1F3145F}.Release|Any CPU.Build.0 = Release|Any CPU
		{C99FE7E3-0985-48F1-9EBB-91680A795F0F}.Debug|Any CPU.ActiveCfg = Debug|Any CPU
		{C99FE7E3-0985-48F1-9EBB-91680A795F0F}.Debug|Any CPU.Build.0 = Debug|Any CPU
		{C99FE7E3-0985-48F1-9EBB-91680A795F0F}.Release|Any CPU.ActiveCfg = Release|Any CPU
		{C99FE7E3-0985-48F1-9EBB-91680A795F0F}.Release|Any CPU.Build.0 = Release|Any CPU
		{89E14828-85BB-4790-9B4E-E44DD4CE000E}.Debug|Any CPU.ActiveCfg = Debug|Any CPU
		{89E14828-85BB-4790-9B4E-E44DD4CE000E}.Debug|Any CPU.Build.0 = Debug|Any CPU
		{89E14828-85BB-4790-9B4E-E44DD4CE000E}.Release|Any CPU.ActiveCfg = Release|Any CPU
		{89E14828-85BB-4790-9B4E-E44DD4CE000E}.Release|Any CPU.Build.0 = Release|Any CPU
	EndGlobalSection
	GlobalSection(SolutionProperties) = preSolution
		HideSolutionNode = FALSE
	EndGlobalSection
EndGlobal
