
Microsoft Visual Studio Solution File, Format Version 12.00
# Visual Studio 2012
Project("{FAE04EC0-301F-11D3-BF4B-00C04F79EFBC}") = "CodeHub.iOS", "CodeHub.iOS.csproj", "{B061316A-F386-4FE2-93B7-555584234FF8}"
EndProject
Project("{FAE04EC0-301F-11D3-BF4B-00C04F79EFBC}") = "CodeHub.Core.iOS", "..\CodeHub.Core\CodeHub.Core.iOS.csproj", "{B7970173-9022-466B-B57A-7AB1E1F3145F}"
EndProject
Project("{FAE04EC0-301F-11D3-BF4B-00C04F79EFBC}") = "CodeFramework.iOS", "..\lib\CodeFramework\CodeFramework.iOS\CodeFramework.iOS.csproj", "{2698B412-26A3-4269-AA01-AC3BC79A0F14}"
EndProject
Project("{FAE04EC0-301F-11D3-BF4B-00C04F79EFBC}") = "CodeFramework.Core.iOS", "..\lib\CodeFramework\CodeFramework.Core\CodeFramework.Core.iOS.csproj", "{C99FE7E3-0985-48F1-9EBB-91680A795F0F}"
EndProject
Project("{FAE04EC0-301F-11D3-BF4B-00C04F79EFBC}") = "GitHubSharp.MonoTouch", "..\lib\GitHubSharp\GitHubSharp.MonoTouch.csproj", "{89E14828-85BB-4790-9B4E-E44DD4CE000E}"
EndProject
Global
	GlobalSection(SolutionConfigurationPlatforms) = preSolution
		Ad-Hoc|Any CPU = Ad-Hoc|Any CPU
		Ad-Hoc|iPhone = Ad-Hoc|iPhone
		Ad-Hoc|iPhoneSimulator = Ad-Hoc|iPhoneSimulator
		Ad-Hoc|Mixed Platforms = Ad-Hoc|Mixed Platforms
		AppStore|Any CPU = AppStore|Any CPU
		AppStore|iPhone = AppStore|iPhone
		AppStore|iPhoneSimulator = AppStore|iPhoneSimulator
		AppStore|Mixed Platforms = AppStore|Mixed Platforms
		Debug|Any CPU = Debug|Any CPU
		Debug|iPhone = Debug|iPhone
		Debug|iPhoneSimulator = Debug|iPhoneSimulator
		Debug|Mixed Platforms = Debug|Mixed Platforms
		Release|Any CPU = Release|Any CPU
		Release|iPhone = Release|iPhone
		Release|iPhoneSimulator = Release|iPhoneSimulator
		Release|Mixed Platforms = Release|Mixed Platforms
	EndGlobalSection
	GlobalSection(ProjectConfigurationPlatforms) = postSolution
		{B061316A-F386-4FE2-93B7-555584234FF8}.Ad-Hoc|Any CPU.ActiveCfg = Ad-Hoc|iPhoneSimulator
		{B061316A-F386-4FE2-93B7-555584234FF8}.Ad-Hoc|iPhone.ActiveCfg = Ad-Hoc|iPhone
		{B061316A-F386-4FE2-93B7-555584234FF8}.Ad-Hoc|iPhone.Build.0 = Ad-Hoc|iPhone
		{B061316A-F386-4FE2-93B7-555584234FF8}.Ad-Hoc|iPhoneSimulator.ActiveCfg = Ad-Hoc|iPhoneSimulator
		{B061316A-F386-4FE2-93B7-555584234FF8}.Ad-Hoc|iPhoneSimulator.Build.0 = Ad-Hoc|iPhoneSimulator
		{B061316A-F386-4FE2-93B7-555584234FF8}.Ad-Hoc|Mixed Platforms.ActiveCfg = Ad-Hoc|iPhoneSimulator
		{B061316A-F386-4FE2-93B7-555584234FF8}.Ad-Hoc|Mixed Platforms.Build.0 = Ad-Hoc|iPhoneSimulator
		{B061316A-F386-4FE2-93B7-555584234FF8}.AppStore|Any CPU.ActiveCfg = AppStore|iPhoneSimulator
		{B061316A-F386-4FE2-93B7-555584234FF8}.AppStore|iPhone.ActiveCfg = AppStore|iPhone
		{B061316A-F386-4FE2-93B7-555584234FF8}.AppStore|iPhone.Build.0 = AppStore|iPhone
		{B061316A-F386-4FE2-93B7-555584234FF8}.AppStore|iPhoneSimulator.ActiveCfg = AppStore|iPhoneSimulator
		{B061316A-F386-4FE2-93B7-555584234FF8}.AppStore|iPhoneSimulator.Build.0 = AppStore|iPhoneSimulator
		{B061316A-F386-4FE2-93B7-555584234FF8}.AppStore|Mixed Platforms.ActiveCfg = AppStore|iPhoneSimulator
		{B061316A-F386-4FE2-93B7-555584234FF8}.AppStore|Mixed Platforms.Build.0 = AppStore|iPhoneSimulator
		{B061316A-F386-4FE2-93B7-555584234FF8}.Debug|Any CPU.ActiveCfg = Debug|iPhoneSimulator
		{B061316A-F386-4FE2-93B7-555584234FF8}.Debug|iPhone.ActiveCfg = Debug|iPhone
		{B061316A-F386-4FE2-93B7-555584234FF8}.Debug|iPhone.Build.0 = Debug|iPhone
		{B061316A-F386-4FE2-93B7-555584234FF8}.Debug|iPhoneSimulator.ActiveCfg = Debug|iPhoneSimulator
		{B061316A-F386-4FE2-93B7-555584234FF8}.Debug|iPhoneSimulator.Build.0 = Debug|iPhoneSimulator
		{B061316A-F386-4FE2-93B7-555584234FF8}.Debug|Mixed Platforms.ActiveCfg = Debug|iPhoneSimulator
		{B061316A-F386-4FE2-93B7-555584234FF8}.Debug|Mixed Platforms.Build.0 = Debug|iPhoneSimulator
		{B061316A-F386-4FE2-93B7-555584234FF8}.Release|Any CPU.ActiveCfg = Release|iPhoneSimulator
		{B061316A-F386-4FE2-93B7-555584234FF8}.Release|iPhone.ActiveCfg = Release|iPhone
		{B061316A-F386-4FE2-93B7-555584234FF8}.Release|iPhone.Build.0 = Release|iPhone
		{B061316A-F386-4FE2-93B7-555584234FF8}.Release|iPhoneSimulator.ActiveCfg = Release|iPhoneSimulator
		{B061316A-F386-4FE2-93B7-555584234FF8}.Release|iPhoneSimulator.Build.0 = Release|iPhoneSimulator
		{B061316A-F386-4FE2-93B7-555584234FF8}.Release|Mixed Platforms.ActiveCfg = Release|iPhoneSimulator
		{B061316A-F386-4FE2-93B7-555584234FF8}.Release|Mixed Platforms.Build.0 = Release|iPhoneSimulator
		{B7970173-9022-466B-B57A-7AB1E1F3145F}.Ad-Hoc|Any CPU.ActiveCfg = Release|Any CPU
		{B7970173-9022-466B-B57A-7AB1E1F3145F}.Ad-Hoc|Any CPU.Build.0 = Release|Any CPU
		{B7970173-9022-466B-B57A-7AB1E1F3145F}.Ad-Hoc|iPhone.ActiveCfg = Release|Any CPU
		{B7970173-9022-466B-B57A-7AB1E1F3145F}.Ad-Hoc|iPhoneSimulator.ActiveCfg = Release|Any CPU
		{B7970173-9022-466B-B57A-7AB1E1F3145F}.Ad-Hoc|Mixed Platforms.ActiveCfg = Release|Any CPU
		{B7970173-9022-466B-B57A-7AB1E1F3145F}.Ad-Hoc|Mixed Platforms.Build.0 = Release|Any CPU
		{B7970173-9022-466B-B57A-7AB1E1F3145F}.AppStore|Any CPU.ActiveCfg = Release|Any CPU
		{B7970173-9022-466B-B57A-7AB1E1F3145F}.AppStore|Any CPU.Build.0 = Release|Any CPU
		{B7970173-9022-466B-B57A-7AB1E1F3145F}.AppStore|iPhone.ActiveCfg = Release|Any CPU
		{B7970173-9022-466B-B57A-7AB1E1F3145F}.AppStore|iPhoneSimulator.ActiveCfg = Release|Any CPU
		{B7970173-9022-466B-B57A-7AB1E1F3145F}.AppStore|Mixed Platforms.ActiveCfg = Release|Any CPU
		{B7970173-9022-466B-B57A-7AB1E1F3145F}.AppStore|Mixed Platforms.Build.0 = Release|Any CPU
		{B7970173-9022-466B-B57A-7AB1E1F3145F}.Debug|Any CPU.ActiveCfg = Debug|Any CPU
		{B7970173-9022-466B-B57A-7AB1E1F3145F}.Debug|Any CPU.Build.0 = Debug|Any CPU
		{B7970173-9022-466B-B57A-7AB1E1F3145F}.Debug|iPhone.ActiveCfg = Debug|Any CPU
		{B7970173-9022-466B-B57A-7AB1E1F3145F}.Debug|iPhoneSimulator.ActiveCfg = Debug|Any CPU
		{B7970173-9022-466B-B57A-7AB1E1F3145F}.Debug|iPhoneSimulator.Build.0 = Debug|Any CPU
		{B7970173-9022-466B-B57A-7AB1E1F3145F}.Debug|Mixed Platforms.ActiveCfg = Debug|Any CPU
		{B7970173-9022-466B-B57A-7AB1E1F3145F}.Debug|Mixed Platforms.Build.0 = Debug|Any CPU
		{B7970173-9022-466B-B57A-7AB1E1F3145F}.Release|Any CPU.ActiveCfg = Release|Any CPU
		{B7970173-9022-466B-B57A-7AB1E1F3145F}.Release|Any CPU.Build.0 = Release|Any CPU
		{B7970173-9022-466B-B57A-7AB1E1F3145F}.Release|iPhone.ActiveCfg = Release|Any CPU
		{B7970173-9022-466B-B57A-7AB1E1F3145F}.Release|iPhoneSimulator.ActiveCfg = Release|Any CPU
		{B7970173-9022-466B-B57A-7AB1E1F3145F}.Release|Mixed Platforms.ActiveCfg = Release|Any CPU
		{B7970173-9022-466B-B57A-7AB1E1F3145F}.Release|Mixed Platforms.Build.0 = Release|Any CPU
		{2698B412-26A3-4269-AA01-AC3BC79A0F14}.Ad-Hoc|Any CPU.ActiveCfg = Release|Any CPU
		{2698B412-26A3-4269-AA01-AC3BC79A0F14}.Ad-Hoc|Any CPU.Build.0 = Release|Any CPU
		{2698B412-26A3-4269-AA01-AC3BC79A0F14}.Ad-Hoc|iPhone.ActiveCfg = Release|Any CPU
		{2698B412-26A3-4269-AA01-AC3BC79A0F14}.Ad-Hoc|iPhoneSimulator.ActiveCfg = Release|Any CPU
		{2698B412-26A3-4269-AA01-AC3BC79A0F14}.Ad-Hoc|Mixed Platforms.ActiveCfg = Release|Any CPU
		{2698B412-26A3-4269-AA01-AC3BC79A0F14}.Ad-Hoc|Mixed Platforms.Build.0 = Release|Any CPU
		{2698B412-26A3-4269-AA01-AC3BC79A0F14}.AppStore|Any CPU.ActiveCfg = Release|Any CPU
		{2698B412-26A3-4269-AA01-AC3BC79A0F14}.AppStore|Any CPU.Build.0 = Release|Any CPU
		{2698B412-26A3-4269-AA01-AC3BC79A0F14}.AppStore|iPhone.ActiveCfg = Release|Any CPU
		{2698B412-26A3-4269-AA01-AC3BC79A0F14}.AppStore|iPhoneSimulator.ActiveCfg = Release|Any CPU
		{2698B412-26A3-4269-AA01-AC3BC79A0F14}.AppStore|Mixed Platforms.ActiveCfg = Release|Any CPU
		{2698B412-26A3-4269-AA01-AC3BC79A0F14}.AppStore|Mixed Platforms.Build.0 = Release|Any CPU
		{2698B412-26A3-4269-AA01-AC3BC79A0F14}.Debug|Any CPU.ActiveCfg = Debug|Any CPU
		{2698B412-26A3-4269-AA01-AC3BC79A0F14}.Debug|Any CPU.Build.0 = Debug|Any CPU
		{2698B412-26A3-4269-AA01-AC3BC79A0F14}.Debug|iPhone.ActiveCfg = Debug|Any CPU
		{2698B412-26A3-4269-AA01-AC3BC79A0F14}.Debug|iPhoneSimulator.ActiveCfg = Debug|Any CPU
		{2698B412-26A3-4269-AA01-AC3BC79A0F14}.Debug|iPhoneSimulator.Build.0 = Debug|Any CPU
		{2698B412-26A3-4269-AA01-AC3BC79A0F14}.Debug|Mixed Platforms.ActiveCfg = Debug|Any CPU
		{2698B412-26A3-4269-AA01-AC3BC79A0F14}.Debug|Mixed Platforms.Build.0 = Debug|Any CPU
		{2698B412-26A3-4269-AA01-AC3BC79A0F14}.Release|Any CPU.ActiveCfg = Release|Any CPU
		{2698B412-26A3-4269-AA01-AC3BC79A0F14}.Release|Any CPU.Build.0 = Release|Any CPU
		{2698B412-26A3-4269-AA01-AC3BC79A0F14}.Release|iPhone.ActiveCfg = Release|Any CPU
		{2698B412-26A3-4269-AA01-AC3BC79A0F14}.Release|iPhoneSimulator.ActiveCfg = Release|Any CPU
		{2698B412-26A3-4269-AA01-AC3BC79A0F14}.Release|Mixed Platforms.ActiveCfg = Release|Any CPU
		{2698B412-26A3-4269-AA01-AC3BC79A0F14}.Release|Mixed Platforms.Build.0 = Release|Any CPU
		{C99FE7E3-0985-48F1-9EBB-91680A795F0F}.Ad-Hoc|Any CPU.ActiveCfg = Release|Any CPU
		{C99FE7E3-0985-48F1-9EBB-91680A795F0F}.Ad-Hoc|Any CPU.Build.0 = Release|Any CPU
		{C99FE7E3-0985-48F1-9EBB-91680A795F0F}.Ad-Hoc|iPhone.ActiveCfg = Release|Any CPU
		{C99FE7E3-0985-48F1-9EBB-91680A795F0F}.Ad-Hoc|iPhoneSimulator.ActiveCfg = Release|Any CPU
		{C99FE7E3-0985-48F1-9EBB-91680A795F0F}.Ad-Hoc|Mixed Platforms.ActiveCfg = Release|Any CPU
		{C99FE7E3-0985-48F1-9EBB-91680A795F0F}.Ad-Hoc|Mixed Platforms.Build.0 = Release|Any CPU
		{C99FE7E3-0985-48F1-9EBB-91680A795F0F}.AppStore|Any CPU.ActiveCfg = Release|Any CPU
		{C99FE7E3-0985-48F1-9EBB-91680A795F0F}.AppStore|Any CPU.Build.0 = Release|Any CPU
		{C99FE7E3-0985-48F1-9EBB-91680A795F0F}.AppStore|iPhone.ActiveCfg = Release|Any CPU
		{C99FE7E3-0985-48F1-9EBB-91680A795F0F}.AppStore|iPhoneSimulator.ActiveCfg = Release|Any CPU
		{C99FE7E3-0985-48F1-9EBB-91680A795F0F}.AppStore|Mixed Platforms.ActiveCfg = Release|Any CPU
		{C99FE7E3-0985-48F1-9EBB-91680A795F0F}.AppStore|Mixed Platforms.Build.0 = Release|Any CPU
		{C99FE7E3-0985-48F1-9EBB-91680A795F0F}.Debug|Any CPU.ActiveCfg = Debug|Any CPU
		{C99FE7E3-0985-48F1-9EBB-91680A795F0F}.Debug|Any CPU.Build.0 = Debug|Any CPU
		{C99FE7E3-0985-48F1-9EBB-91680A795F0F}.Debug|iPhone.ActiveCfg = Debug|Any CPU
		{C99FE7E3-0985-48F1-9EBB-91680A795F0F}.Debug|iPhoneSimulator.ActiveCfg = Debug|Any CPU
		{C99FE7E3-0985-48F1-9EBB-91680A795F0F}.Debug|iPhoneSimulator.Build.0 = Debug|Any CPU
		{C99FE7E3-0985-48F1-9EBB-91680A795F0F}.Debug|Mixed Platforms.ActiveCfg = Debug|Any CPU
		{C99FE7E3-0985-48F1-9EBB-91680A795F0F}.Debug|Mixed Platforms.Build.0 = Debug|Any CPU
		{C99FE7E3-0985-48F1-9EBB-91680A795F0F}.Release|Any CPU.ActiveCfg = Release|Any CPU
		{C99FE7E3-0985-48F1-9EBB-91680A795F0F}.Release|Any CPU.Build.0 = Release|Any CPU
		{C99FE7E3-0985-48F1-9EBB-91680A795F0F}.Release|iPhone.ActiveCfg = Release|Any CPU
		{C99FE7E3-0985-48F1-9EBB-91680A795F0F}.Release|iPhoneSimulator.ActiveCfg = Release|Any CPU
		{C99FE7E3-0985-48F1-9EBB-91680A795F0F}.Release|Mixed Platforms.ActiveCfg = Release|Any CPU
		{C99FE7E3-0985-48F1-9EBB-91680A795F0F}.Release|Mixed Platforms.Build.0 = Release|Any CPU
		{89E14828-85BB-4790-9B4E-E44DD4CE000E}.Ad-Hoc|Any CPU.ActiveCfg = Release|Any CPU
		{89E14828-85BB-4790-9B4E-E44DD4CE000E}.Ad-Hoc|Any CPU.Build.0 = Release|Any CPU
		{89E14828-85BB-4790-9B4E-E44DD4CE000E}.Ad-Hoc|iPhone.ActiveCfg = Release|Any CPU
		{89E14828-85BB-4790-9B4E-E44DD4CE000E}.Ad-Hoc|iPhoneSimulator.ActiveCfg = Release|Any CPU
		{89E14828-85BB-4790-9B4E-E44DD4CE000E}.Ad-Hoc|Mixed Platforms.ActiveCfg = Release|Any CPU
		{89E14828-85BB-4790-9B4E-E44DD4CE000E}.Ad-Hoc|Mixed Platforms.Build.0 = Release|Any CPU
		{89E14828-85BB-4790-9B4E-E44DD4CE000E}.AppStore|Any CPU.ActiveCfg = Release|Any CPU
		{89E14828-85BB-4790-9B4E-E44DD4CE000E}.AppStore|Any CPU.Build.0 = Release|Any CPU
		{89E14828-85BB-4790-9B4E-E44DD4CE000E}.AppStore|iPhone.ActiveCfg = Release|Any CPU
		{89E14828-85BB-4790-9B4E-E44DD4CE000E}.AppStore|iPhoneSimulator.ActiveCfg = Release|Any CPU
		{89E14828-85BB-4790-9B4E-E44DD4CE000E}.AppStore|Mixed Platforms.ActiveCfg = Release|Any CPU
		{89E14828-85BB-4790-9B4E-E44DD4CE000E}.AppStore|Mixed Platforms.Build.0 = Release|Any CPU
		{89E14828-85BB-4790-9B4E-E44DD4CE000E}.Debug|Any CPU.ActiveCfg = Debug|Any CPU
		{89E14828-85BB-4790-9B4E-E44DD4CE000E}.Debug|Any CPU.Build.0 = Debug|Any CPU
		{89E14828-85BB-4790-9B4E-E44DD4CE000E}.Debug|iPhone.ActiveCfg = Debug|Any CPU
		{89E14828-85BB-4790-9B4E-E44DD4CE000E}.Debug|iPhoneSimulator.ActiveCfg = Debug|Any CPU
		{89E14828-85BB-4790-9B4E-E44DD4CE000E}.Debug|iPhoneSimulator.Build.0 = Debug|Any CPU
		{89E14828-85BB-4790-9B4E-E44DD4CE000E}.Debug|Mixed Platforms.ActiveCfg = Debug|Any CPU
		{89E14828-85BB-4790-9B4E-E44DD4CE000E}.Debug|Mixed Platforms.Build.0 = Debug|Any CPU
		{89E14828-85BB-4790-9B4E-E44DD4CE000E}.Release|Any CPU.ActiveCfg = Release|Any CPU
		{89E14828-85BB-4790-9B4E-E44DD4CE000E}.Release|Any CPU.Build.0 = Release|Any CPU
		{89E14828-85BB-4790-9B4E-E44DD4CE000E}.Release|iPhone.ActiveCfg = Release|Any CPU
		{89E14828-85BB-4790-9B4E-E44DD4CE000E}.Release|iPhoneSimulator.ActiveCfg = Release|Any CPU
		{89E14828-85BB-4790-9B4E-E44DD4CE000E}.Release|Mixed Platforms.ActiveCfg = Release|Any CPU
		{89E14828-85BB-4790-9B4E-E44DD4CE000E}.Release|Mixed Platforms.Build.0 = Release|Any CPU
	EndGlobalSection
	GlobalSection(SolutionProperties) = preSolution
		HideSolutionNode = FALSE
	EndGlobalSection
EndGlobal
