
Microsoft Visual Studio Solution File, Format Version 12.00
# Visual Studio 2012
Project("{FAE04EC0-301F-11D3-BF4B-00C04F79EFBC}") = "CodeHub.iOS", "CodeHub.iOS.csproj", "{B061316A-F386-4FE2-93B7-555584234FF8}"
EndProject
Project("{2150E333-8FDC-42A3-9474-1A3956D46DE8}") = "Core", "Core", "{F112095C-7262-445E-91C4-D35C1E986E69}"
EndProject
Project("{FAE04EC0-301F-11D3-BF4B-00C04F79EFBC}") = "CodeFramework.Core.iOS", "..\lib\CodeFramework\CodeFramework.Core\CodeFramework.Core.iOS.csproj", "{C99FE7E3-0985-48F1-9EBB-91680A795F0F}"
EndProject
Project("{FAE04EC0-301F-11D3-BF4B-00C04F79EFBC}") = "CodeHub.Core.iOS", "..\CodeHub.Core\CodeHub.Core.iOS.csproj", "{B7970173-9022-466B-B57A-7AB1E1F3145F}"
EndProject
Project("{FAE04EC0-301F-11D3-BF4B-00C04F79EFBC}") = "CodeFramework.iOS", "..\lib\CodeFramework\CodeFramework.iOS\CodeFramework.iOS.csproj", "{2698B412-26A3-4269-AA01-AC3BC79A0F14}"
EndProject
Project("{2150E333-8FDC-42A3-9474-1A3956D46DE8}") = "Lib", "Lib", "{F7C14107-24A4-404A-AD12-A12EC9F28490}"
EndProject
Project("{FAE04EC0-301F-11D3-BF4B-00C04F79EFBC}") = "GitHubSharp.MonoTouch", "..\lib\GitHubSharp\GitHubSharp.MonoTouch.csproj", "{89E14828-85BB-4790-9B4E-E44DD4CE000E}"
EndProject
Project("{FAE04EC0-301F-11D3-BF4B-00C04F79EFBC}") = "MonoTouch.SlideoutNavigation", "..\lib\CodeFramework\CodeFramework.iOS\lib\MonoTouch.SlideoutNavigation\MonoTouch.SlideoutNavigation\MonoTouch.SlideoutNavigation.csproj", "{6D7B9B53-CFEF-46BE-A608-14A4A1381CF6}"
EndProject
Project("{FAE04EC0-301F-11D3-BF4B-00C04F79EFBC}") = "MonoTouch.Dialog", "..\lib\CodeFramework\CodeFramework.iOS\lib\MonoTouch.Dialog\MonoTouch.Dialog\MonoTouch.Dialog.csproj", "{3FFBFFF8-5560-4EDE-82E5-3FFDFBBA8A50}"
EndProject
Global
	GlobalSection(SolutionConfigurationPlatforms) = preSolution
		AdHoc|Any CPU = AdHoc|Any CPU
		Ad-Hoc|Any CPU = Ad-Hoc|Any CPU
		AdHoc|iPhone = AdHoc|iPhone
		Ad-Hoc|iPhone = Ad-Hoc|iPhone
		AdHoc|iPhoneSimulator = AdHoc|iPhoneSimulator
		Ad-Hoc|iPhoneSimulator = Ad-Hoc|iPhoneSimulator
		AdHoc|Mixed Platforms = AdHoc|Mixed Platforms
		Ad-Hoc|Mixed Platforms = Ad-Hoc|Mixed Platforms
		AppStore|Any CPU = AppStore|Any CPU
		AppStore|iPhone = AppStore|iPhone
		AppStore|iPhoneSimulator = AppStore|iPhoneSimulator
		AppStore|Mixed Platforms = AppStore|Mixed Platforms
		Debug|Any CPU = Debug|Any CPU
		Debug|iPhone = Debug|iPhone
		Debug|iPhoneSimulator = Debug|iPhoneSimulator
		Debug|Mixed Platforms = Debug|Mixed Platforms
		Release|Any CPU = Release|Any CPU
		Release|iPhone = Release|iPhone
		Release|iPhoneSimulator = Release|iPhoneSimulator
		Release|Mixed Platforms = Release|Mixed Platforms
	EndGlobalSection
	GlobalSection(ProjectConfigurationPlatforms) = postSolution
		{2698B412-26A3-4269-AA01-AC3BC79A0F14}.Ad-Hoc|Any CPU.ActiveCfg = Debug|Any CPU
		{2698B412-26A3-4269-AA01-AC3BC79A0F14}.AdHoc|Any CPU.ActiveCfg = Release|Any CPU
		{2698B412-26A3-4269-AA01-AC3BC79A0F14}.Ad-Hoc|Any CPU.Build.0 = Debug|Any CPU
		{2698B412-26A3-4269-AA01-AC3BC79A0F14}.AdHoc|Any CPU.Build.0 = Release|Any CPU
		{2698B412-26A3-4269-AA01-AC3BC79A0F14}.AdHoc|iPhone.ActiveCfg = Debug|Any CPU
		{2698B412-26A3-4269-AA01-AC3BC79A0F14}.Ad-Hoc|iPhone.ActiveCfg = Release|Any CPU
		{2698B412-26A3-4269-AA01-AC3BC79A0F14}.AdHoc|iPhone.Build.0 = Debug|Any CPU
		{2698B412-26A3-4269-AA01-AC3BC79A0F14}.Ad-Hoc|iPhone.Build.0 = Release|Any CPU
		{2698B412-26A3-4269-AA01-AC3BC79A0F14}.AdHoc|iPhoneSimulator.ActiveCfg = Debug|Any CPU
		{2698B412-26A3-4269-AA01-AC3BC79A0F14}.Ad-Hoc|iPhoneSimulator.ActiveCfg = Debug|Any CPU
		{2698B412-26A3-4269-AA01-AC3BC79A0F14}.AdHoc|iPhoneSimulator.Build.0 = Debug|Any CPU
		{2698B412-26A3-4269-AA01-AC3BC79A0F14}.Ad-Hoc|iPhoneSimulator.Build.0 = Debug|Any CPU
		{2698B412-26A3-4269-AA01-AC3BC79A0F14}.Ad-Hoc|Mixed Platforms.ActiveCfg = Debug|Any CPU
		{2698B412-26A3-4269-AA01-AC3BC79A0F14}.AdHoc|Mixed Platforms.ActiveCfg = Release|Any CPU
		{2698B412-26A3-4269-AA01-AC3BC79A0F14}.Ad-Hoc|Mixed Platforms.Build.0 = Debug|Any CPU
		{2698B412-26A3-4269-AA01-AC3BC79A0F14}.AdHoc|Mixed Platforms.Build.0 = Release|Any CPU
		{2698B412-26A3-4269-AA01-AC3BC79A0F14}.AppStore|Any CPU.ActiveCfg = Debug|Any CPU
		{2698B412-26A3-4269-AA01-AC3BC79A0F14}.AppStore|Any CPU.Build.0 = Debug|Any CPU
		{2698B412-26A3-4269-AA01-AC3BC79A0F14}.AppStore|iPhone.ActiveCfg = Release|Any CPU
		{2698B412-26A3-4269-AA01-AC3BC79A0F14}.AppStore|iPhone.Build.0 = Release|Any CPU
		{2698B412-26A3-4269-AA01-AC3BC79A0F14}.AppStore|iPhoneSimulator.ActiveCfg = Debug|Any CPU
		{2698B412-26A3-4269-AA01-AC3BC79A0F14}.AppStore|iPhoneSimulator.Build.0 = Debug|Any CPU
		{2698B412-26A3-4269-AA01-AC3BC79A0F14}.AppStore|Mixed Platforms.ActiveCfg = Debug|Any CPU
		{2698B412-26A3-4269-AA01-AC3BC79A0F14}.AppStore|Mixed Platforms.Build.0 = Debug|Any CPU
		{2698B412-26A3-4269-AA01-AC3BC79A0F14}.Debug|Any CPU.ActiveCfg = Debug|Any CPU
		{2698B412-26A3-4269-AA01-AC3BC79A0F14}.Debug|Any CPU.Build.0 = Debug|Any CPU
		{2698B412-26A3-4269-AA01-AC3BC79A0F14}.Debug|iPhone.ActiveCfg = Debug|Any CPU
		{2698B412-26A3-4269-AA01-AC3BC79A0F14}.Debug|iPhone.Build.0 = Debug|Any CPU
		{2698B412-26A3-4269-AA01-AC3BC79A0F14}.Debug|iPhoneSimulator.ActiveCfg = Debug|Any CPU
		{2698B412-26A3-4269-AA01-AC3BC79A0F14}.Debug|iPhoneSimulator.Build.0 = Debug|Any CPU
		{2698B412-26A3-4269-AA01-AC3BC79A0F14}.Debug|Mixed Platforms.ActiveCfg = Debug|Any CPU
		{2698B412-26A3-4269-AA01-AC3BC79A0F14}.Debug|Mixed Platforms.Build.0 = Debug|Any CPU
		{2698B412-26A3-4269-AA01-AC3BC79A0F14}.Release|Any CPU.ActiveCfg = Release|Any CPU
		{2698B412-26A3-4269-AA01-AC3BC79A0F14}.Release|Any CPU.Build.0 = Release|Any CPU
		{2698B412-26A3-4269-AA01-AC3BC79A0F14}.Release|iPhone.ActiveCfg = Release|Any CPU
		{2698B412-26A3-4269-AA01-AC3BC79A0F14}.Release|iPhone.Build.0 = Release|Any CPU
		{2698B412-26A3-4269-AA01-AC3BC79A0F14}.Release|iPhoneSimulator.ActiveCfg = Release|Any CPU
		{2698B412-26A3-4269-AA01-AC3BC79A0F14}.Release|iPhoneSimulator.Build.0 = Release|Any CPU
		{2698B412-26A3-4269-AA01-AC3BC79A0F14}.Release|Mixed Platforms.ActiveCfg = Release|Any CPU
		{2698B412-26A3-4269-AA01-AC3BC79A0F14}.Release|Mixed Platforms.Build.0 = Release|Any CPU
		{3FFBFFF8-5560-4EDE-82E5-3FFDFBBA8A50}.AdHoc|Any CPU.ActiveCfg = Debug|iPhoneSimulator
		{3FFBFFF8-5560-4EDE-82E5-3FFDFBBA8A50}.Ad-Hoc|Any CPU.ActiveCfg = Debug|iPhoneSimulator
		{3FFBFFF8-5560-4EDE-82E5-3FFDFBBA8A50}.AdHoc|Any CPU.Build.0 = Debug|iPhoneSimulator
		{3FFBFFF8-5560-4EDE-82E5-3FFDFBBA8A50}.Ad-Hoc|Any CPU.Build.0 = Debug|iPhoneSimulator
		{3FFBFFF8-5560-4EDE-82E5-3FFDFBBA8A50}.AdHoc|iPhone.ActiveCfg = AdHoc|iPhone
		{3FFBFFF8-5560-4EDE-82E5-3FFDFBBA8A50}.Ad-Hoc|iPhone.ActiveCfg = Release|iPhone
		{3FFBFFF8-5560-4EDE-82E5-3FFDFBBA8A50}.AdHoc|iPhone.Build.0 = AdHoc|iPhone
		{3FFBFFF8-5560-4EDE-82E5-3FFDFBBA8A50}.Ad-Hoc|iPhone.Build.0 = Release|iPhone
		{3FFBFFF8-5560-4EDE-82E5-3FFDFBBA8A50}.AdHoc|iPhoneSimulator.ActiveCfg = AdHoc|iPhoneSimulator
		{3FFBFFF8-5560-4EDE-82E5-3FFDFBBA8A50}.Ad-Hoc|iPhoneSimulator.ActiveCfg = Debug|iPhoneSimulator
		{3FFBFFF8-5560-4EDE-82E5-3FFDFBBA8A50}.AdHoc|iPhoneSimulator.Build.0 = AdHoc|iPhoneSimulator
		{3FFBFFF8-5560-4EDE-82E5-3FFDFBBA8A50}.Ad-Hoc|iPhoneSimulator.Build.0 = Debug|iPhoneSimulator
		{3FFBFFF8-5560-4EDE-82E5-3FFDFBBA8A50}.AdHoc|Mixed Platforms.ActiveCfg = Debug|iPhoneSimulator
		{3FFBFFF8-5560-4EDE-82E5-3FFDFBBA8A50}.Ad-Hoc|Mixed Platforms.ActiveCfg = Debug|iPhoneSimulator
		{3FFBFFF8-5560-4EDE-82E5-3FFDFBBA8A50}.AdHoc|Mixed Platforms.Build.0 = Debug|iPhoneSimulator
		{3FFBFFF8-5560-4EDE-82E5-3FFDFBBA8A50}.Ad-Hoc|Mixed Platforms.Build.0 = Debug|iPhoneSimulator
		{3FFBFFF8-5560-4EDE-82E5-3FFDFBBA8A50}.AppStore|Any CPU.ActiveCfg = Debug|iPhoneSimulator
		{3FFBFFF8-5560-4EDE-82E5-3FFDFBBA8A50}.AppStore|Any CPU.Build.0 = Debug|iPhoneSimulator
		{3FFBFFF8-5560-4EDE-82E5-3FFDFBBA8A50}.AppStore|iPhone.ActiveCfg = AppStore|iPhone
		{3FFBFFF8-5560-4EDE-82E5-3FFDFBBA8A50}.AppStore|iPhone.Build.0 = AppStore|iPhone
		{3FFBFFF8-5560-4EDE-82E5-3FFDFBBA8A50}.AppStore|iPhoneSimulator.ActiveCfg = AppStore|iPhoneSimulator
		{3FFBFFF8-5560-4EDE-82E5-3FFDFBBA8A50}.AppStore|iPhoneSimulator.Build.0 = AppStore|iPhoneSimulator
		{3FFBFFF8-5560-4EDE-82E5-3FFDFBBA8A50}.AppStore|Mixed Platforms.ActiveCfg = Debug|iPhoneSimulator
		{3FFBFFF8-5560-4EDE-82E5-3FFDFBBA8A50}.AppStore|Mixed Platforms.Build.0 = Debug|iPhoneSimulator
		{3FFBFFF8-5560-4EDE-82E5-3FFDFBBA8A50}.Debug|Any CPU.ActiveCfg = Debug|iPhoneSimulator
		{3FFBFFF8-5560-4EDE-82E5-3FFDFBBA8A50}.Debug|Any CPU.Build.0 = Debug|iPhoneSimulator
		{3FFBFFF8-5560-4EDE-82E5-3FFDFBBA8A50}.Debug|iPhone.ActiveCfg = Debug|iPhone
		{3FFBFFF8-5560-4EDE-82E5-3FFDFBBA8A50}.Debug|iPhone.Build.0 = Debug|iPhone
		{3FFBFFF8-5560-4EDE-82E5-3FFDFBBA8A50}.Debug|iPhoneSimulator.ActiveCfg = Debug|iPhoneSimulator
		{3FFBFFF8-5560-4EDE-82E5-3FFDFBBA8A50}.Debug|iPhoneSimulator.Build.0 = Debug|iPhoneSimulator
		{3FFBFFF8-5560-4EDE-82E5-3FFDFBBA8A50}.Debug|Mixed Platforms.ActiveCfg = Debug|iPhoneSimulator
		{3FFBFFF8-5560-4EDE-82E5-3FFDFBBA8A50}.Debug|Mixed Platforms.Build.0 = Debug|iPhoneSimulator
		{3FFBFFF8-5560-4EDE-82E5-3FFDFBBA8A50}.Release|Any CPU.ActiveCfg = Debug|iPhoneSimulator
		{3FFBFFF8-5560-4EDE-82E5-3FFDFBBA8A50}.Release|Any CPU.Build.0 = Debug|iPhoneSimulator
		{3FFBFFF8-5560-4EDE-82E5-3FFDFBBA8A50}.Release|iPhone.ActiveCfg = Release|iPhone
		{3FFBFFF8-5560-4EDE-82E5-3FFDFBBA8A50}.Release|iPhone.Build.0 = Release|iPhone
		{3FFBFFF8-5560-4EDE-82E5-3FFDFBBA8A50}.Release|iPhoneSimulator.ActiveCfg = Release|iPhoneSimulator
		{3FFBFFF8-5560-4EDE-82E5-3FFDFBBA8A50}.Release|iPhoneSimulator.Build.0 = Release|iPhoneSimulator
		{3FFBFFF8-5560-4EDE-82E5-3FFDFBBA8A50}.Release|Mixed Platforms.ActiveCfg = Debug|iPhoneSimulator
		{3FFBFFF8-5560-4EDE-82E5-3FFDFBBA8A50}.Release|Mixed Platforms.Build.0 = Debug|iPhoneSimulator
		{6D7B9B53-CFEF-46BE-A608-14A4A1381CF6}.AdHoc|Any CPU.ActiveCfg = Debug|Any CPU
		{6D7B9B53-CFEF-46BE-A608-14A4A1381CF6}.Ad-Hoc|Any CPU.ActiveCfg = Debug|Any CPU
		{6D7B9B53-CFEF-46BE-A608-14A4A1381CF6}.AdHoc|Any CPU.Build.0 = Debug|Any CPU
		{6D7B9B53-CFEF-46BE-A608-14A4A1381CF6}.Ad-Hoc|Any CPU.Build.0 = Debug|Any CPU
		{6D7B9B53-CFEF-46BE-A608-14A4A1381CF6}.AdHoc|iPhone.ActiveCfg = Debug|Any CPU
		{6D7B9B53-CFEF-46BE-A608-14A4A1381CF6}.Ad-Hoc|iPhone.ActiveCfg = Release|Any CPU
		{6D7B9B53-CFEF-46BE-A608-14A4A1381CF6}.AdHoc|iPhone.Build.0 = Debug|Any CPU
		{6D7B9B53-CFEF-46BE-A608-14A4A1381CF6}.Ad-Hoc|iPhone.Build.0 = Release|Any CPU
		{6D7B9B53-CFEF-46BE-A608-14A4A1381CF6}.AdHoc|iPhoneSimulator.ActiveCfg = Debug|Any CPU
		{6D7B9B53-CFEF-46BE-A608-14A4A1381CF6}.Ad-Hoc|iPhoneSimulator.ActiveCfg = Debug|Any CPU
		{6D7B9B53-CFEF-46BE-A608-14A4A1381CF6}.AdHoc|iPhoneSimulator.Build.0 = Debug|Any CPU
		{6D7B9B53-CFEF-46BE-A608-14A4A1381CF6}.Ad-Hoc|iPhoneSimulator.Build.0 = Debug|Any CPU
		{6D7B9B53-CFEF-46BE-A608-14A4A1381CF6}.AdHoc|Mixed Platforms.ActiveCfg = Debug|Any CPU
		{6D7B9B53-CFEF-46BE-A608-14A4A1381CF6}.Ad-Hoc|Mixed Platforms.ActiveCfg = Debug|Any CPU
		{6D7B9B53-CFEF-46BE-A608-14A4A1381CF6}.AdHoc|Mixed Platforms.Build.0 = Debug|Any CPU
		{6D7B9B53-CFEF-46BE-A608-14A4A1381CF6}.Ad-Hoc|Mixed Platforms.Build.0 = Debug|Any CPU
		{6D7B9B53-CFEF-46BE-A608-14A4A1381CF6}.AppStore|Any CPU.ActiveCfg = Debug|Any CPU
		{6D7B9B53-CFEF-46BE-A608-14A4A1381CF6}.AppStore|Any CPU.Build.0 = Debug|Any CPU
		{6D7B9B53-CFEF-46BE-A608-14A4A1381CF6}.AppStore|iPhone.ActiveCfg = Release|Any CPU
		{6D7B9B53-CFEF-46BE-A608-14A4A1381CF6}.AppStore|iPhone.Build.0 = Release|Any CPU
		{6D7B9B53-CFEF-46BE-A608-14A4A1381CF6}.AppStore|iPhoneSimulator.ActiveCfg = Debug|Any CPU
		{6D7B9B53-CFEF-46BE-A608-14A4A1381CF6}.AppStore|iPhoneSimulator.Build.0 = Debug|Any CPU
		{6D7B9B53-CFEF-46BE-A608-14A4A1381CF6}.AppStore|Mixed Platforms.ActiveCfg = Debug|Any CPU
		{6D7B9B53-CFEF-46BE-A608-14A4A1381CF6}.AppStore|Mixed Platforms.Build.0 = Debug|Any CPU
		{6D7B9B53-CFEF-46BE-A608-14A4A1381CF6}.Debug|Any CPU.ActiveCfg = Debug|Any CPU
		{6D7B9B53-CFEF-46BE-A608-14A4A1381CF6}.Debug|Any CPU.Build.0 = Debug|Any CPU
		{6D7B9B53-CFEF-46BE-A608-14A4A1381CF6}.Debug|iPhone.ActiveCfg = Debug|Any CPU
		{6D7B9B53-CFEF-46BE-A608-14A4A1381CF6}.Debug|iPhone.Build.0 = Debug|Any CPU
		{6D7B9B53-CFEF-46BE-A608-14A4A1381CF6}.Debug|iPhoneSimulator.ActiveCfg = Debug|Any CPU
		{6D7B9B53-CFEF-46BE-A608-14A4A1381CF6}.Debug|iPhoneSimulator.Build.0 = Debug|Any CPU
		{6D7B9B53-CFEF-46BE-A608-14A4A1381CF6}.Debug|Mixed Platforms.ActiveCfg = Debug|Any CPU
		{6D7B9B53-CFEF-46BE-A608-14A4A1381CF6}.Debug|Mixed Platforms.Build.0 = Debug|Any CPU
		{6D7B9B53-CFEF-46BE-A608-14A4A1381CF6}.Release|Any CPU.ActiveCfg = Release|Any CPU
		{6D7B9B53-CFEF-46BE-A608-14A4A1381CF6}.Release|Any CPU.Build.0 = Release|Any CPU
		{6D7B9B53-CFEF-46BE-A608-14A4A1381CF6}.Release|iPhone.ActiveCfg = Release|Any CPU
		{6D7B9B53-CFEF-46BE-A608-14A4A1381CF6}.Release|iPhone.Build.0 = Release|Any CPU
		{6D7B9B53-CFEF-46BE-A608-14A4A1381CF6}.Release|iPhoneSimulator.ActiveCfg = Release|Any CPU
		{6D7B9B53-CFEF-46BE-A608-14A4A1381CF6}.Release|iPhoneSimulator.Build.0 = Release|Any CPU
		{6D7B9B53-CFEF-46BE-A608-14A4A1381CF6}.Release|Mixed Platforms.ActiveCfg = Release|Any CPU
		{6D7B9B53-CFEF-46BE-A608-14A4A1381CF6}.Release|Mixed Platforms.Build.0 = Release|Any CPU
		{89E14828-85BB-4790-9B4E-E44DD4CE000E}.Ad-Hoc|Any CPU.ActiveCfg = Debug|Any CPU
		{89E14828-85BB-4790-9B4E-E44DD4CE000E}.AdHoc|Any CPU.ActiveCfg = Release|Any CPU
		{89E14828-85BB-4790-9B4E-E44DD4CE000E}.Ad-Hoc|Any CPU.Build.0 = Debug|Any CPU
		{89E14828-85BB-4790-9B4E-E44DD4CE000E}.AdHoc|Any CPU.Build.0 = Release|Any CPU
		{89E14828-85BB-4790-9B4E-E44DD4CE000E}.AdHoc|iPhone.ActiveCfg = Debug|Any CPU
		{89E14828-85BB-4790-9B4E-E44DD4CE000E}.Ad-Hoc|iPhone.ActiveCfg = Release|Any CPU
		{89E14828-85BB-4790-9B4E-E44DD4CE000E}.AdHoc|iPhone.Build.0 = Debug|Any CPU
		{89E14828-85BB-4790-9B4E-E44DD4CE000E}.Ad-Hoc|iPhone.Build.0 = Release|Any CPU
		{89E14828-85BB-4790-9B4E-E44DD4CE000E}.AdHoc|iPhoneSimulator.ActiveCfg = Debug|Any CPU
		{89E14828-85BB-4790-9B4E-E44DD4CE000E}.Ad-Hoc|iPhoneSimulator.ActiveCfg = Debug|Any CPU
		{89E14828-85BB-4790-9B4E-E44DD4CE000E}.AdHoc|iPhoneSimulator.Build.0 = Debug|Any CPU
		{89E14828-85BB-4790-9B4E-E44DD4CE000E}.Ad-Hoc|iPhoneSimulator.Build.0 = Debug|Any CPU
		{89E14828-85BB-4790-9B4E-E44DD4CE000E}.Ad-Hoc|Mixed Platforms.ActiveCfg = Debug|Any CPU
		{89E14828-85BB-4790-9B4E-E44DD4CE000E}.AdHoc|Mixed Platforms.ActiveCfg = Release|Any CPU
		{89E14828-85BB-4790-9B4E-E44DD4CE000E}.Ad-Hoc|Mixed Platforms.Build.0 = Debug|Any CPU
		{89E14828-85BB-4790-9B4E-E44DD4CE000E}.AdHoc|Mixed Platforms.Build.0 = Release|Any CPU
		{89E14828-85BB-4790-9B4E-E44DD4CE000E}.AppStore|Any CPU.ActiveCfg = Debug|Any CPU
		{89E14828-85BB-4790-9B4E-E44DD4CE000E}.AppStore|Any CPU.Build.0 = Debug|Any CPU
		{89E14828-85BB-4790-9B4E-E44DD4CE000E}.AppStore|iPhone.ActiveCfg = Release|Any CPU
		{89E14828-85BB-4790-9B4E-E44DD4CE000E}.AppStore|iPhone.Build.0 = Release|Any CPU
		{89E14828-85BB-4790-9B4E-E44DD4CE000E}.AppStore|iPhoneSimulator.ActiveCfg = Debug|Any CPU
		{89E14828-85BB-4790-9B4E-E44DD4CE000E}.AppStore|iPhoneSimulator.Build.0 = Debug|Any CPU
		{89E14828-85BB-4790-9B4E-E44DD4CE000E}.AppStore|Mixed Platforms.ActiveCfg = Debug|Any CPU
		{89E14828-85BB-4790-9B4E-E44DD4CE000E}.AppStore|Mixed Platforms.Build.0 = Debug|Any CPU
		{89E14828-85BB-4790-9B4E-E44DD4CE000E}.Debug|Any CPU.ActiveCfg = Debug|Any CPU
		{89E14828-85BB-4790-9B4E-E44DD4CE000E}.Debug|Any CPU.Build.0 = Debug|Any CPU
		{89E14828-85BB-4790-9B4E-E44DD4CE000E}.Debug|iPhone.ActiveCfg = Debug|Any CPU
		{89E14828-85BB-4790-9B4E-E44DD4CE000E}.Debug|iPhone.Build.0 = Debug|Any CPU
		{89E14828-85BB-4790-9B4E-E44DD4CE000E}.Debug|iPhoneSimulator.ActiveCfg = Debug|Any CPU
		{89E14828-85BB-4790-9B4E-E44DD4CE000E}.Debug|iPhoneSimulator.Build.0 = Debug|Any CPU
		{89E14828-85BB-4790-9B4E-E44DD4CE000E}.Debug|Mixed Platforms.ActiveCfg = Debug|Any CPU
		{89E14828-85BB-4790-9B4E-E44DD4CE000E}.Debug|Mixed Platforms.Build.0 = Debug|Any CPU
		{89E14828-85BB-4790-9B4E-E44DD4CE000E}.Release|Any CPU.ActiveCfg = Release|Any CPU
		{89E14828-85BB-4790-9B4E-E44DD4CE000E}.Release|Any CPU.Build.0 = Release|Any CPU
		{89E14828-85BB-4790-9B4E-E44DD4CE000E}.Release|iPhone.ActiveCfg = Release|Any CPU
		{89E14828-85BB-4790-9B4E-E44DD4CE000E}.Release|iPhone.Build.0 = Release|Any CPU
		{89E14828-85BB-4790-9B4E-E44DD4CE000E}.Release|iPhoneSimulator.ActiveCfg = Release|Any CPU
		{89E14828-85BB-4790-9B4E-E44DD4CE000E}.Release|iPhoneSimulator.Build.0 = Release|Any CPU
		{89E14828-85BB-4790-9B4E-E44DD4CE000E}.Release|Mixed Platforms.ActiveCfg = Release|Any CPU
		{89E14828-85BB-4790-9B4E-E44DD4CE000E}.Release|Mixed Platforms.Build.0 = Release|Any CPU
		{B061316A-F386-4FE2-93B7-555584234FF8}.AdHoc|Any CPU.ActiveCfg = Ad-Hoc|iPhoneSimulator
		{B061316A-F386-4FE2-93B7-555584234FF8}.Ad-Hoc|Any CPU.ActiveCfg = Debug|iPhoneSimulator
		{B061316A-F386-4FE2-93B7-555584234FF8}.Ad-Hoc|Any CPU.Build.0 = Debug|iPhoneSimulator
		{B061316A-F386-4FE2-93B7-555584234FF8}.Ad-Hoc|iPhone.ActiveCfg = Ad-Hoc|iPhone
		{B061316A-F386-4FE2-93B7-555584234FF8}.AdHoc|iPhone.ActiveCfg = Debug|iPhoneSimulator
		{B061316A-F386-4FE2-93B7-555584234FF8}.Ad-Hoc|iPhone.Build.0 = Ad-Hoc|iPhone
		{B061316A-F386-4FE2-93B7-555584234FF8}.AdHoc|iPhone.Build.0 = Debug|iPhoneSimulator
		{B061316A-F386-4FE2-93B7-555584234FF8}.AdHoc|iPhoneSimulator.ActiveCfg = Debug|iPhoneSimulator
		{B061316A-F386-4FE2-93B7-555584234FF8}.Ad-Hoc|iPhoneSimulator.ActiveCfg = Debug|iPhoneSimulator
		{B061316A-F386-4FE2-93B7-555584234FF8}.AdHoc|iPhoneSimulator.Build.0 = Debug|iPhoneSimulator
		{B061316A-F386-4FE2-93B7-555584234FF8}.Ad-Hoc|iPhoneSimulator.Build.0 = Debug|iPhoneSimulator
		{B061316A-F386-4FE2-93B7-555584234FF8}.AdHoc|Mixed Platforms.ActiveCfg = Ad-Hoc|iPhoneSimulator
		{B061316A-F386-4FE2-93B7-555584234FF8}.Ad-Hoc|Mixed Platforms.ActiveCfg = Debug|iPhoneSimulator
		{B061316A-F386-4FE2-93B7-555584234FF8}.AdHoc|Mixed Platforms.Build.0 = Ad-Hoc|iPhoneSimulator
		{B061316A-F386-4FE2-93B7-555584234FF8}.Ad-Hoc|Mixed Platforms.Build.0 = Debug|iPhoneSimulator
		{B061316A-F386-4FE2-93B7-555584234FF8}.AppStore|Any CPU.ActiveCfg = Debug|iPhoneSimulator
		{B061316A-F386-4FE2-93B7-555584234FF8}.AppStore|Any CPU.Build.0 = Debug|iPhoneSimulator
		{B061316A-F386-4FE2-93B7-555584234FF8}.AppStore|iPhone.ActiveCfg = AppStore|iPhone
		{B061316A-F386-4FE2-93B7-555584234FF8}.AppStore|iPhone.Build.0 = AppStore|iPhone
		{B061316A-F386-4FE2-93B7-555584234FF8}.AppStore|iPhoneSimulator.ActiveCfg = Debug|iPhoneSimulator
		{B061316A-F386-4FE2-93B7-555584234FF8}.AppStore|iPhoneSimulator.Build.0 = Debug|iPhoneSimulator
		{B061316A-F386-4FE2-93B7-555584234FF8}.AppStore|Mixed Platforms.ActiveCfg = Debug|iPhoneSimulator
		{B061316A-F386-4FE2-93B7-555584234FF8}.AppStore|Mixed Platforms.Build.0 = Debug|iPhoneSimulator
		{B061316A-F386-4FE2-93B7-555584234FF8}.Debug|Any CPU.ActiveCfg = Debug|iPhoneSimulator
		{B061316A-F386-4FE2-93B7-555584234FF8}.Debug|Any CPU.Build.0 = Debug|iPhoneSimulator
		{B061316A-F386-4FE2-93B7-555584234FF8}.Debug|iPhone.ActiveCfg = Debug|iPhone
		{B061316A-F386-4FE2-93B7-555584234FF8}.Debug|iPhone.Build.0 = Debug|iPhone
		{B061316A-F386-4FE2-93B7-555584234FF8}.Debug|iPhoneSimulator.ActiveCfg = Debug|iPhoneSimulator
		{B061316A-F386-4FE2-93B7-555584234FF8}.Debug|iPhoneSimulator.Build.0 = Debug|iPhoneSimulator
		{B061316A-F386-4FE2-93B7-555584234FF8}.Debug|Mixed Platforms.ActiveCfg = Debug|iPhoneSimulator
		{B061316A-F386-4FE2-93B7-555584234FF8}.Debug|Mixed Platforms.Build.0 = Debug|iPhoneSimulator
		{B061316A-F386-4FE2-93B7-555584234FF8}.Release|Any CPU.ActiveCfg = Debug|iPhoneSimulator
		{B061316A-F386-4FE2-93B7-555584234FF8}.Release|Any CPU.Build.0 = Debug|iPhoneSimulator
		{B061316A-F386-4FE2-93B7-555584234FF8}.Release|iPhone.ActiveCfg = Release|iPhone
		{B061316A-F386-4FE2-93B7-555584234FF8}.Release|iPhone.Build.0 = Release|iPhone
		{B061316A-F386-4FE2-93B7-555584234FF8}.Release|iPhoneSimulator.ActiveCfg = Release|iPhoneSimulator
		{B061316A-F386-4FE2-93B7-555584234FF8}.Release|iPhoneSimulator.Build.0 = Release|iPhoneSimulator
		{B061316A-F386-4FE2-93B7-555584234FF8}.Release|Mixed Platforms.ActiveCfg = Debug|iPhoneSimulator
		{B061316A-F386-4FE2-93B7-555584234FF8}.Release|Mixed Platforms.Build.0 = Debug|iPhoneSimulator
		{B7970173-9022-466B-B57A-7AB1E1F3145F}.Ad-Hoc|Any CPU.ActiveCfg = Debug|Any CPU
		{B7970173-9022-466B-B57A-7AB1E1F3145F}.AdHoc|Any CPU.ActiveCfg = Release|Any CPU
		{B7970173-9022-466B-B57A-7AB1E1F3145F}.Ad-Hoc|Any CPU.Build.0 = Debug|Any CPU
		{B7970173-9022-466B-B57A-7AB1E1F3145F}.AdHoc|Any CPU.Build.0 = Release|Any CPU
		{B7970173-9022-466B-B57A-7AB1E1F3145F}.AdHoc|iPhone.ActiveCfg = Debug|Any CPU
		{B7970173-9022-466B-B57A-7AB1E1F3145F}.Ad-Hoc|iPhone.ActiveCfg = Release|Any CPU
		{B7970173-9022-466B-B57A-7AB1E1F3145F}.AdHoc|iPhone.Build.0 = Debug|Any CPU
		{B7970173-9022-466B-B57A-7AB1E1F3145F}.Ad-Hoc|iPhone.Build.0 = Release|Any CPU
		{B7970173-9022-466B-B57A-7AB1E1F3145F}.AdHoc|iPhoneSimulator.ActiveCfg = Debug|Any CPU
		{B7970173-9022-466B-B57A-7AB1E1F3145F}.Ad-Hoc|iPhoneSimulator.ActiveCfg = Debug|Any CPU
		{B7970173-9022-466B-B57A-7AB1E1F3145F}.AdHoc|iPhoneSimulator.Build.0 = Debug|Any CPU
		{B7970173-9022-466B-B57A-7AB1E1F3145F}.Ad-Hoc|iPhoneSimulator.Build.0 = Debug|Any CPU
		{B7970173-9022-466B-B57A-7AB1E1F3145F}.Ad-Hoc|Mixed Platforms.ActiveCfg = Debug|Any CPU
		{B7970173-9022-466B-B57A-7AB1E1F3145F}.AdHoc|Mixed Platforms.ActiveCfg = Release|Any CPU
		{B7970173-9022-466B-B57A-7AB1E1F3145F}.Ad-Hoc|Mixed Platforms.Build.0 = Debug|Any CPU
		{B7970173-9022-466B-B57A-7AB1E1F3145F}.AdHoc|Mixed Platforms.Build.0 = Release|Any CPU
		{B7970173-9022-466B-B57A-7AB1E1F3145F}.AppStore|Any CPU.ActiveCfg = Debug|Any CPU
		{B7970173-9022-466B-B57A-7AB1E1F3145F}.AppStore|Any CPU.Build.0 = Debug|Any CPU
		{B7970173-9022-466B-B57A-7AB1E1F3145F}.AppStore|iPhone.ActiveCfg = Release|Any CPU
		{B7970173-9022-466B-B57A-7AB1E1F3145F}.AppStore|iPhone.Build.0 = Release|Any CPU
		{B7970173-9022-466B-B57A-7AB1E1F3145F}.AppStore|iPhoneSimulator.ActiveCfg = Debug|Any CPU
		{B7970173-9022-466B-B57A-7AB1E1F3145F}.AppStore|iPhoneSimulator.Build.0 = Debug|Any CPU
		{B7970173-9022-466B-B57A-7AB1E1F3145F}.AppStore|Mixed Platforms.ActiveCfg = Debug|Any CPU
		{B7970173-9022-466B-B57A-7AB1E1F3145F}.AppStore|Mixed Platforms.Build.0 = Debug|Any CPU
		{B7970173-9022-466B-B57A-7AB1E1F3145F}.Debug|Any CPU.ActiveCfg = Debug|Any CPU
		{B7970173-9022-466B-B57A-7AB1E1F3145F}.Debug|Any CPU.Build.0 = Debug|Any CPU
		{B7970173-9022-466B-B57A-7AB1E1F3145F}.Debug|iPhone.ActiveCfg = Debug|Any CPU
		{B7970173-9022-466B-B57A-7AB1E1F3145F}.Debug|iPhone.Build.0 = Debug|Any CPU
		{B7970173-9022-466B-B57A-7AB1E1F3145F}.Debug|iPhoneSimulator.ActiveCfg = Debug|Any CPU
		{B7970173-9022-466B-B57A-7AB1E1F3145F}.Debug|iPhoneSimulator.Build.0 = Debug|Any CPU
		{B7970173-9022-466B-B57A-7AB1E1F3145F}.Debug|Mixed Platforms.ActiveCfg = Debug|Any CPU
		{B7970173-9022-466B-B57A-7AB1E1F3145F}.Debug|Mixed Platforms.Build.0 = Debug|Any CPU
		{B7970173-9022-466B-B57A-7AB1E1F3145F}.Release|Any CPU.ActiveCfg = Release|Any CPU
		{B7970173-9022-466B-B57A-7AB1E1F3145F}.Release|Any CPU.Build.0 = Release|Any CPU
		{B7970173-9022-466B-B57A-7AB1E1F3145F}.Release|iPhone.ActiveCfg = Release|Any CPU
		{B7970173-9022-466B-B57A-7AB1E1F3145F}.Release|iPhone.Build.0 = Release|Any CPU
		{B7970173-9022-466B-B57A-7AB1E1F3145F}.Release|iPhoneSimulator.ActiveCfg = Release|Any CPU
		{B7970173-9022-466B-B57A-7AB1E1F3145F}.Release|iPhoneSimulator.Build.0 = Release|Any CPU
		{B7970173-9022-466B-B57A-7AB1E1F3145F}.Release|Mixed Platforms.ActiveCfg = Release|Any CPU
		{B7970173-9022-466B-B57A-7AB1E1F3145F}.Release|Mixed Platforms.Build.0 = Release|Any CPU
		{C99FE7E3-0985-48F1-9EBB-91680A795F0F}.Ad-Hoc|Any CPU.ActiveCfg = Debug|Any CPU
		{C99FE7E3-0985-48F1-9EBB-91680A795F0F}.AdHoc|Any CPU.ActiveCfg = Release|Any CPU
		{C99FE7E3-0985-48F1-9EBB-91680A795F0F}.Ad-Hoc|Any CPU.Build.0 = Debug|Any CPU
		{C99FE7E3-0985-48F1-9EBB-91680A795F0F}.AdHoc|Any CPU.Build.0 = Release|Any CPU
		{C99FE7E3-0985-48F1-9EBB-91680A795F0F}.AdHoc|iPhone.ActiveCfg = Debug|Any CPU
		{C99FE7E3-0985-48F1-9EBB-91680A795F0F}.Ad-Hoc|iPhone.ActiveCfg = Release|Any CPU
		{C99FE7E3-0985-48F1-9EBB-91680A795F0F}.AdHoc|iPhone.Build.0 = Debug|Any CPU
		{C99FE7E3-0985-48F1-9EBB-91680A795F0F}.Ad-Hoc|iPhone.Build.0 = Release|Any CPU
		{C99FE7E3-0985-48F1-9EBB-91680A795F0F}.AdHoc|iPhoneSimulator.ActiveCfg = Debug|Any CPU
		{C99FE7E3-0985-48F1-9EBB-91680A795F0F}.Ad-Hoc|iPhoneSimulator.ActiveCfg = Debug|Any CPU
		{C99FE7E3-0985-48F1-9EBB-91680A795F0F}.AdHoc|iPhoneSimulator.Build.0 = Debug|Any CPU
		{C99FE7E3-0985-48F1-9EBB-91680A795F0F}.Ad-Hoc|iPhoneSimulator.Build.0 = Debug|Any CPU
		{C99FE7E3-0985-48F1-9EBB-91680A795F0F}.Ad-Hoc|Mixed Platforms.ActiveCfg = Debug|Any CPU
		{C99FE7E3-0985-48F1-9EBB-91680A795F0F}.AdHoc|Mixed Platforms.ActiveCfg = Release|Any CPU
		{C99FE7E3-0985-48F1-9EBB-91680A795F0F}.Ad-Hoc|Mixed Platforms.Build.0 = Debug|Any CPU
		{C99FE7E3-0985-48F1-9EBB-91680A795F0F}.AdHoc|Mixed Platforms.Build.0 = Release|Any CPU
		{C99FE7E3-0985-48F1-9EBB-91680A795F0F}.AppStore|Any CPU.ActiveCfg = Debug|Any CPU
		{C99FE7E3-0985-48F1-9EBB-91680A795F0F}.AppStore|Any CPU.Build.0 = Debug|Any CPU
		{C99FE7E3-0985-48F1-9EBB-91680A795F0F}.AppStore|iPhone.ActiveCfg = Release|Any CPU
		{C99FE7E3-0985-48F1-9EBB-91680A795F0F}.AppStore|iPhone.Build.0 = Release|Any CPU
		{C99FE7E3-0985-48F1-9EBB-91680A795F0F}.AppStore|iPhoneSimulator.ActiveCfg = Debug|Any CPU
		{C99FE7E3-0985-48F1-9EBB-91680A795F0F}.AppStore|iPhoneSimulator.Build.0 = Debug|Any CPU
		{C99FE7E3-0985-48F1-9EBB-91680A795F0F}.AppStore|Mixed Platforms.ActiveCfg = Debug|Any CPU
		{C99FE7E3-0985-48F1-9EBB-91680A795F0F}.AppStore|Mixed Platforms.Build.0 = Debug|Any CPU
		{C99FE7E3-0985-48F1-9EBB-91680A795F0F}.Debug|Any CPU.ActiveCfg = Debug|Any CPU
		{C99FE7E3-0985-48F1-9EBB-91680A795F0F}.Debug|Any CPU.Build.0 = Debug|Any CPU
		{C99FE7E3-0985-48F1-9EBB-91680A795F0F}.Debug|iPhone.ActiveCfg = Debug|Any CPU
		{C99FE7E3-0985-48F1-9EBB-91680A795F0F}.Debug|iPhone.Build.0 = Debug|Any CPU
		{C99FE7E3-0985-48F1-9EBB-91680A795F0F}.Debug|iPhoneSimulator.ActiveCfg = Debug|Any CPU
		{C99FE7E3-0985-48F1-9EBB-91680A795F0F}.Debug|iPhoneSimulator.Build.0 = Debug|Any CPU
		{C99FE7E3-0985-48F1-9EBB-91680A795F0F}.Debug|Mixed Platforms.ActiveCfg = Debug|Any CPU
		{C99FE7E3-0985-48F1-9EBB-91680A795F0F}.Debug|Mixed Platforms.Build.0 = Debug|Any CPU
		{C99FE7E3-0985-48F1-9EBB-91680A795F0F}.Release|Any CPU.ActiveCfg = Release|Any CPU
		{C99FE7E3-0985-48F1-9EBB-91680A795F0F}.Release|Any CPU.Build.0 = Release|Any CPU
		{C99FE7E3-0985-48F1-9EBB-91680A795F0F}.Release|iPhone.ActiveCfg = Release|Any CPU
		{C99FE7E3-0985-48F1-9EBB-91680A795F0F}.Release|iPhone.Build.0 = Release|Any CPU
		{C99FE7E3-0985-48F1-9EBB-91680A795F0F}.Release|iPhoneSimulator.ActiveCfg = Release|Any CPU
		{C99FE7E3-0985-48F1-9EBB-91680A795F0F}.Release|iPhoneSimulator.Build.0 = Release|Any CPU
		{C99FE7E3-0985-48F1-9EBB-91680A795F0F}.Release|Mixed Platforms.ActiveCfg = Release|Any CPU
		{C99FE7E3-0985-48F1-9EBB-91680A795F0F}.Release|Mixed Platforms.Build.0 = Release|Any CPU
	EndGlobalSection
	GlobalSection(NestedProjects) = preSolution
		{C99FE7E3-0985-48F1-9EBB-91680A795F0F} = {F112095C-7262-445E-91C4-D35C1E986E69}
		{B7970173-9022-466B-B57A-7AB1E1F3145F} = {F112095C-7262-445E-91C4-D35C1E986E69}
		{2698B412-26A3-4269-AA01-AC3BC79A0F14} = {F112095C-7262-445E-91C4-D35C1E986E69}
		{89E14828-85BB-4790-9B4E-E44DD4CE000E} = {F7C14107-24A4-404A-AD12-A12EC9F28490}
		{6D7B9B53-CFEF-46BE-A608-14A4A1381CF6} = {F7C14107-24A4-404A-AD12-A12EC9F28490}
		{3FFBFFF8-5560-4EDE-82E5-3FFDFBBA8A50} = {F7C14107-24A4-404A-AD12-A12EC9F28490}
	EndGlobalSection
	GlobalSection(MonoDevelopProperties) = preSolution
		StartupItem = CodeHub.iOS.csproj
		Policies = $0
		$0.DotNetNamingPolicy = $1
		$1.DirectoryNamespaceAssociation = PrefixedHierarchical
		$1.ResourceNamePolicy = FileFormatDefault
		$0.TextStylePolicy = $2
		$2.FileWidth = 120
		$2.TabsToSpaces = False
		$2.inheritsSet = VisualStudio
		$2.inheritsScope = text/plain
	EndGlobalSection
	GlobalSection(SolutionProperties) = preSolution
		HideSolutionNode = FALSE
	EndGlobalSection
EndGlobal
